// !$*UTF8*$!
{
	archiveVersion = 1;
	classes = {
	};
	objectVersion = 50;
	objects = {

/* Begin PBXBuildFile section */
		282AF04C2091CCBE00C9357E /* AppointmentDetailsTableViewController.swift in Sources */ = {isa = PBXBuildFile; fileRef = 282AF04B2091CCBE00C9357E /* AppointmentDetailsTableViewController.swift */; };
		282AF04E2091D7A200C9357E /* ChooseRoleViewController.swift in Sources */ = {isa = PBXBuildFile; fileRef = 282AF04D2091D7A200C9357E /* ChooseRoleViewController.swift */; };
		282AF0502091DC0300C9357E /* CalendarTableViewController.swift in Sources */ = {isa = PBXBuildFile; fileRef = 282AF04F2091DC0300C9357E /* CalendarTableViewController.swift */; };
		282AF0522091EBA500C9357E /* HomeViewModel.swift in Sources */ = {isa = PBXBuildFile; fileRef = 282AF0512091EBA500C9357E /* HomeViewModel.swift */; };
		282AF0542091EBC500C9357E /* HomeViewController.swift in Sources */ = {isa = PBXBuildFile; fileRef = 282AF0532091EBC500C9357E /* HomeViewController.swift */; };
		282AF0562091EC3900C9357E /* ChoosePackageViewController.swift in Sources */ = {isa = PBXBuildFile; fileRef = 282AF0552091EC3900C9357E /* ChoosePackageViewController.swift */; };
		282AF0582091EED500C9357E /* ChoosePackage2ViewController.swift in Sources */ = {isa = PBXBuildFile; fileRef = 282AF0572091EED500C9357E /* ChoosePackage2ViewController.swift */; };
		28398889208E95360066BC85 /* RegisterViewController.swift in Sources */ = {isa = PBXBuildFile; fileRef = 28398888208E95360066BC85 /* RegisterViewController.swift */; };
		2839888B208E955F0066BC85 /* RegisterViewModel.swift in Sources */ = {isa = PBXBuildFile; fileRef = 2839888A208E955F0066BC85 /* RegisterViewModel.swift */; };
		28398890208EE8240066BC85 /* CalendarViewController.swift in Sources */ = {isa = PBXBuildFile; fileRef = 2839888F208EE8240066BC85 /* CalendarViewController.swift */; };
		286143CD209875F100315A7D /* PatientsProfileViewController.swift in Sources */ = {isa = PBXBuildFile; fileRef = 286143CC209875F100315A7D /* PatientsProfileViewController.swift */; };
		286143D2209AC9C800315A7D /* PrescriptionTypeViewController.swift in Sources */ = {isa = PBXBuildFile; fileRef = 286143D1209AC9C800315A7D /* PrescriptionTypeViewController.swift */; };
		286143D4209ACBEA00315A7D /* RescheduledAppointmentDetailsViewController.swift in Sources */ = {isa = PBXBuildFile; fileRef = 286143D3209ACBEA00315A7D /* RescheduledAppointmentDetailsViewController.swift */; };
		286143D6209AEBF800315A7D /* prescriptionFormAllViewController.swift in Sources */ = {isa = PBXBuildFile; fileRef = 286143D5209AEBF800315A7D /* prescriptionFormAllViewController.swift */; };
		286143D8209AEC0D00315A7D /* prescriptionFormMedViewController.swift in Sources */ = {isa = PBXBuildFile; fileRef = 286143D7209AEC0D00315A7D /* prescriptionFormMedViewController.swift */; };
		286143DA209AF15700315A7D /* ProfileViewController.swift in Sources */ = {isa = PBXBuildFile; fileRef = 286143D9209AF15700315A7D /* ProfileViewController.swift */; };
		28E433D7208D234F00B2EBAC /* AppDelegate.swift in Sources */ = {isa = PBXBuildFile; fileRef = 28E433D6208D234F00B2EBAC /* AppDelegate.swift */; };
		28E433DC208D234F00B2EBAC /* Main.storyboard in Resources */ = {isa = PBXBuildFile; fileRef = 28E433DA208D234F00B2EBAC /* Main.storyboard */; };
		28E433DF208D234F00B2EBAC /* FollowLife.xcdatamodeld in Sources */ = {isa = PBXBuildFile; fileRef = 28E433DD208D234F00B2EBAC /* FollowLife.xcdatamodeld */; };
		28E433E1208D235000B2EBAC /* Assets.xcassets in Resources */ = {isa = PBXBuildFile; fileRef = 28E433E0208D235000B2EBAC /* Assets.xcassets */; };
		28E433E4208D235000B2EBAC /* LaunchScreen.storyboard in Resources */ = {isa = PBXBuildFile; fileRef = 28E433E2208D235000B2EBAC /* LaunchScreen.storyboard */; };
		28E433EF208D235000B2EBAC /* FollowLifeTests.swift in Sources */ = {isa = PBXBuildFile; fileRef = 28E433EE208D235000B2EBAC /* FollowLifeTests.swift */; };
		28E433FA208D235000B2EBAC /* FollowLifeUITests.swift in Sources */ = {isa = PBXBuildFile; fileRef = 28E433F9208D235000B2EBAC /* FollowLifeUITests.swift */; };
		28E4340E208D34AD00B2EBAC /* LoginViewModel.swift in Sources */ = {isa = PBXBuildFile; fileRef = 28E4340D208D34AD00B2EBAC /* LoginViewModel.swift */; };
		28E43412208D35A700B2EBAC /* LoginModel.swift in Sources */ = {isa = PBXBuildFile; fileRef = 28E43411208D35A700B2EBAC /* LoginModel.swift */; };
		28E43415208D4AE400B2EBAC /* LoginViewController.swift in Sources */ = {isa = PBXBuildFile; fileRef = 28E43414208D4AE400B2EBAC /* LoginViewController.swift */; };
/* End PBXBuildFile section */

/* Begin PBXContainerItemProxy section */
		28E433EB208D235000B2EBAC /* PBXContainerItemProxy */ = {
			isa = PBXContainerItemProxy;
			containerPortal = 28E433CB208D234F00B2EBAC /* Project object */;
			proxyType = 1;
			remoteGlobalIDString = 28E433D2208D234F00B2EBAC;
			remoteInfo = FollowLife;
		};
		28E433F6208D235000B2EBAC /* PBXContainerItemProxy */ = {
			isa = PBXContainerItemProxy;
			containerPortal = 28E433CB208D234F00B2EBAC /* Project object */;
			proxyType = 1;
			remoteGlobalIDString = 28E433D2208D234F00B2EBAC;
			remoteInfo = FollowLife;
		};
/* End PBXContainerItemProxy section */

/* Begin PBXFileReference section */
		282AF04B2091CCBE00C9357E /* AppointmentDetailsTableViewController.swift */ = {isa = PBXFileReference; lastKnownFileType = sourcecode.swift; path = AppointmentDetailsTableViewController.swift; sourceTree = "<group>"; };
		282AF04D2091D7A200C9357E /* ChooseRoleViewController.swift */ = {isa = PBXFileReference; lastKnownFileType = sourcecode.swift; path = ChooseRoleViewController.swift; sourceTree = "<group>"; };
		282AF04F2091DC0300C9357E /* CalendarTableViewController.swift */ = {isa = PBXFileReference; lastKnownFileType = sourcecode.swift; path = CalendarTableViewController.swift; sourceTree = "<group>"; };
		282AF0512091EBA500C9357E /* HomeViewModel.swift */ = {isa = PBXFileReference; lastKnownFileType = sourcecode.swift; path = HomeViewModel.swift; sourceTree = "<group>"; };
		282AF0532091EBC500C9357E /* HomeViewController.swift */ = {isa = PBXFileReference; lastKnownFileType = sourcecode.swift; path = HomeViewController.swift; sourceTree = "<group>"; };
		282AF0552091EC3900C9357E /* ChoosePackageViewController.swift */ = {isa = PBXFileReference; lastKnownFileType = sourcecode.swift; path = ChoosePackageViewController.swift; sourceTree = "<group>"; };
		282AF0572091EED500C9357E /* ChoosePackage2ViewController.swift */ = {isa = PBXFileReference; lastKnownFileType = sourcecode.swift; path = ChoosePackage2ViewController.swift; sourceTree = "<group>"; };
		28398888208E95360066BC85 /* RegisterViewController.swift */ = {isa = PBXFileReference; lastKnownFileType = sourcecode.swift; path = RegisterViewController.swift; sourceTree = "<group>"; };
		2839888A208E955F0066BC85 /* RegisterViewModel.swift */ = {isa = PBXFileReference; lastKnownFileType = sourcecode.swift; path = RegisterViewModel.swift; sourceTree = "<group>"; };
		2839888F208EE8240066BC85 /* CalendarViewController.swift */ = {isa = PBXFileReference; lastKnownFileType = sourcecode.swift; path = CalendarViewController.swift; sourceTree = "<group>"; };
		286143CC209875F100315A7D /* PatientsProfileViewController.swift */ = {isa = PBXFileReference; lastKnownFileType = sourcecode.swift; path = PatientsProfileViewController.swift; sourceTree = "<group>"; };
		286143D1209AC9C800315A7D /* PrescriptionTypeViewController.swift */ = {isa = PBXFileReference; lastKnownFileType = sourcecode.swift; path = PrescriptionTypeViewController.swift; sourceTree = "<group>"; };
		286143D3209ACBEA00315A7D /* RescheduledAppointmentDetailsViewController.swift */ = {isa = PBXFileReference; lastKnownFileType = sourcecode.swift; path = RescheduledAppointmentDetailsViewController.swift; sourceTree = "<group>"; };
		286143D5209AEBF800315A7D /* prescriptionFormAllViewController.swift */ = {isa = PBXFileReference; lastKnownFileType = sourcecode.swift; path = prescriptionFormAllViewController.swift; sourceTree = "<group>"; };
		286143D7209AEC0D00315A7D /* prescriptionFormMedViewController.swift */ = {isa = PBXFileReference; lastKnownFileType = sourcecode.swift; path = prescriptionFormMedViewController.swift; sourceTree = "<group>"; };
		286143D9209AF15700315A7D /* ProfileViewController.swift */ = {isa = PBXFileReference; lastKnownFileType = sourcecode.swift; path = ProfileViewController.swift; sourceTree = "<group>"; };
		28E433D3208D234F00B2EBAC /* FollowLife.app */ = {isa = PBXFileReference; explicitFileType = wrapper.application; includeInIndex = 0; path = FollowLife.app; sourceTree = BUILT_PRODUCTS_DIR; };
		28E433D6208D234F00B2EBAC /* AppDelegate.swift */ = {isa = PBXFileReference; lastKnownFileType = sourcecode.swift; path = AppDelegate.swift; sourceTree = "<group>"; };
		28E433DB208D234F00B2EBAC /* Base */ = {isa = PBXFileReference; lastKnownFileType = file.storyboard; name = Base; path = Base.lproj/Main.storyboard; sourceTree = "<group>"; };
		28E433DE208D234F00B2EBAC /* FollowLife.xcdatamodel */ = {isa = PBXFileReference; lastKnownFileType = wrapper.xcdatamodel; path = FollowLife.xcdatamodel; sourceTree = "<group>"; };
		28E433E0208D235000B2EBAC /* Assets.xcassets */ = {isa = PBXFileReference; lastKnownFileType = folder.assetcatalog; path = Assets.xcassets; sourceTree = "<group>"; };
		28E433E3208D235000B2EBAC /* Base */ = {isa = PBXFileReference; lastKnownFileType = file.storyboard; name = Base; path = Base.lproj/LaunchScreen.storyboard; sourceTree = "<group>"; };
		28E433E5208D235000B2EBAC /* Info.plist */ = {isa = PBXFileReference; lastKnownFileType = text.plist.xml; path = Info.plist; sourceTree = "<group>"; };
		28E433EA208D235000B2EBAC /* FollowLifeTests.xctest */ = {isa = PBXFileReference; explicitFileType = wrapper.cfbundle; includeInIndex = 0; path = FollowLifeTests.xctest; sourceTree = BUILT_PRODUCTS_DIR; };
		28E433EE208D235000B2EBAC /* FollowLifeTests.swift */ = {isa = PBXFileReference; lastKnownFileType = sourcecode.swift; path = FollowLifeTests.swift; sourceTree = "<group>"; };
		28E433F0208D235000B2EBAC /* Info.plist */ = {isa = PBXFileReference; lastKnownFileType = text.plist.xml; path = Info.plist; sourceTree = "<group>"; };
		28E433F5208D235000B2EBAC /* FollowLifeUITests.xctest */ = {isa = PBXFileReference; explicitFileType = wrapper.cfbundle; includeInIndex = 0; path = FollowLifeUITests.xctest; sourceTree = BUILT_PRODUCTS_DIR; };
		28E433F9208D235000B2EBAC /* FollowLifeUITests.swift */ = {isa = PBXFileReference; lastKnownFileType = sourcecode.swift; path = FollowLifeUITests.swift; sourceTree = "<group>"; };
		28E433FB208D235000B2EBAC /* Info.plist */ = {isa = PBXFileReference; lastKnownFileType = text.plist.xml; path = Info.plist; sourceTree = "<group>"; };
		28E4340D208D34AD00B2EBAC /* LoginViewModel.swift */ = {isa = PBXFileReference; lastKnownFileType = sourcecode.swift; path = LoginViewModel.swift; sourceTree = "<group>"; };
		28E43411208D35A700B2EBAC /* LoginModel.swift */ = {isa = PBXFileReference; lastKnownFileType = sourcecode.swift; path = LoginModel.swift; sourceTree = "<group>"; };
		28E43414208D4AE400B2EBAC /* LoginViewController.swift */ = {isa = PBXFileReference; lastKnownFileType = sourcecode.swift; path = LoginViewController.swift; sourceTree = "<group>"; };
/* End PBXFileReference section */

/* Begin PBXFrameworksBuildPhase section */
		28E433D0208D234F00B2EBAC /* Frameworks */ = {
			isa = PBXFrameworksBuildPhase;
			buildActionMask = 2147483647;
			files = (
			);
			runOnlyForDeploymentPostprocessing = 0;
		};
		28E433E7208D235000B2EBAC /* Frameworks */ = {
			isa = PBXFrameworksBuildPhase;
			buildActionMask = 2147483647;
			files = (
			);
			runOnlyForDeploymentPostprocessing = 0;
		};
		28E433F2208D235000B2EBAC /* Frameworks */ = {
			isa = PBXFrameworksBuildPhase;
			buildActionMask = 2147483647;
			files = (
			);
			runOnlyForDeploymentPostprocessing = 0;
		};
/* End PBXFrameworksBuildPhase section */

/* Begin PBXGroup section */
		28E433CA208D234F00B2EBAC = {
			isa = PBXGroup;
			children = (
				28E433D5208D234F00B2EBAC /* FollowLife */,
				28E433ED208D235000B2EBAC /* FollowLifeTests */,
				28E433F8208D235000B2EBAC /* FollowLifeUITests */,
				28E433D4208D234F00B2EBAC /* Products */,
			);
			sourceTree = "<group>";
		};
		28E433D4208D234F00B2EBAC /* Products */ = {
			isa = PBXGroup;
			children = (
				28E433D3208D234F00B2EBAC /* FollowLife.app */,
				28E433EA208D235000B2EBAC /* FollowLifeTests.xctest */,
				28E433F5208D235000B2EBAC /* FollowLifeUITests.xctest */,
			);
			name = Products;
			sourceTree = "<group>";
		};
		28E433D5208D234F00B2EBAC /* FollowLife */ = {
			isa = PBXGroup;
			children = (
				28E43413208D488800B2EBAC /* Controllers */,
				28E4340C208D278B00B2EBAC /* ViewModel */,
				28E43409208D238200B2EBAC /* Model */,
				28E43407208D237300B2EBAC /* View */,
				28E433D6208D234F00B2EBAC /* AppDelegate.swift */,
				28E4340A208D23A500B2EBAC /* Assets */,
				28E433E5208D235000B2EBAC /* Info.plist */,
				28E433DD208D234F00B2EBAC /* FollowLife.xcdatamodeld */,
			);
			path = FollowLife;
			sourceTree = "<group>";
		};
		28E433ED208D235000B2EBAC /* FollowLifeTests */ = {
			isa = PBXGroup;
			children = (
				28E433EE208D235000B2EBAC /* FollowLifeTests.swift */,
				28E433F0208D235000B2EBAC /* Info.plist */,
			);
			path = FollowLifeTests;
			sourceTree = "<group>";
		};
		28E433F8208D235000B2EBAC /* FollowLifeUITests */ = {
			isa = PBXGroup;
			children = (
				28E433F9208D235000B2EBAC /* FollowLifeUITests.swift */,
				28E433FB208D235000B2EBAC /* Info.plist */,
			);
			path = FollowLifeUITests;
			sourceTree = "<group>";
		};
		28E43407208D237300B2EBAC /* View */ = {
			isa = PBXGroup;
			children = (
			);
			path = View;
			sourceTree = "<group>";
		};
		28E43409208D238200B2EBAC /* Model */ = {
			isa = PBXGroup;
			children = (
				28E43411208D35A700B2EBAC /* LoginModel.swift */,
			);
			path = Model;
			sourceTree = "<group>";
		};
		28E4340A208D23A500B2EBAC /* Assets */ = {
			isa = PBXGroup;
			children = (
				28E433DA208D234F00B2EBAC /* Main.storyboard */,
				28E433E0208D235000B2EBAC /* Assets.xcassets */,
				28E433E2208D235000B2EBAC /* LaunchScreen.storyboard */,
			);
			path = Assets;
			sourceTree = "<group>";
		};
		28E4340C208D278B00B2EBAC /* ViewModel */ = {
			isa = PBXGroup;
			children = (
				28E4340D208D34AD00B2EBAC /* LoginViewModel.swift */,
				2839888A208E955F0066BC85 /* RegisterViewModel.swift */,
				282AF0512091EBA500C9357E /* HomeViewModel.swift */,
			);
			path = ViewModel;
			sourceTree = "<group>";
		};
		28E43413208D488800B2EBAC /* Controllers */ = {
			isa = PBXGroup;
			children = (
				28E43414208D4AE400B2EBAC /* LoginViewController.swift */,
				28398888208E95360066BC85 /* RegisterViewController.swift */,
				2839888F208EE8240066BC85 /* CalendarViewController.swift */,
				282AF04B2091CCBE00C9357E /* AppointmentDetailsTableViewController.swift */,
				282AF04D2091D7A200C9357E /* ChooseRoleViewController.swift */,
				282AF04F2091DC0300C9357E /* CalendarTableViewController.swift */,
				282AF0532091EBC500C9357E /* HomeViewController.swift */,
				282AF0552091EC3900C9357E /* ChoosePackageViewController.swift */,
				282AF0572091EED500C9357E /* ChoosePackage2ViewController.swift */,
				286143CC209875F100315A7D /* PatientsProfileViewController.swift */,
				286143D1209AC9C800315A7D /* PrescriptionTypeViewController.swift */,
				286143D3209ACBEA00315A7D /* RescheduledAppointmentDetailsViewController.swift */,
				286143D5209AEBF800315A7D /* prescriptionFormAllViewController.swift */,
				286143D7209AEC0D00315A7D /* prescriptionFormMedViewController.swift */,
				286143D9209AF15700315A7D /* ProfileViewController.swift */,
			);
			path = Controllers;
			sourceTree = "<group>";
		};
/* End PBXGroup section */

/* Begin PBXNativeTarget section */
		28E433D2208D234F00B2EBAC /* FollowLife */ = {
			isa = PBXNativeTarget;
			buildConfigurationList = 28E433FE208D235000B2EBAC /* Build configuration list for PBXNativeTarget "FollowLife" */;
			buildPhases = (
				28E433CF208D234F00B2EBAC /* Sources */,
				28E433D0208D234F00B2EBAC /* Frameworks */,
				28E433D1208D234F00B2EBAC /* Resources */,
			);
			buildRules = (
			);
			dependencies = (
			);
			name = FollowLife;
			productName = FollowLife;
			productReference = 28E433D3208D234F00B2EBAC /* FollowLife.app */;
			productType = "com.apple.product-type.application";
		};
		28E433E9208D235000B2EBAC /* FollowLifeTests */ = {
			isa = PBXNativeTarget;
			buildConfigurationList = 28E43401208D235000B2EBAC /* Build configuration list for PBXNativeTarget "FollowLifeTests" */;
			buildPhases = (
				28E433E6208D235000B2EBAC /* Sources */,
				28E433E7208D235000B2EBAC /* Frameworks */,
				28E433E8208D235000B2EBAC /* Resources */,
			);
			buildRules = (
			);
			dependencies = (
				28E433EC208D235000B2EBAC /* PBXTargetDependency */,
			);
			name = FollowLifeTests;
			productName = FollowLifeTests;
			productReference = 28E433EA208D235000B2EBAC /* FollowLifeTests.xctest */;
			productType = "com.apple.product-type.bundle.unit-test";
		};
		28E433F4208D235000B2EBAC /* FollowLifeUITests */ = {
			isa = PBXNativeTarget;
			buildConfigurationList = 28E43404208D235000B2EBAC /* Build configuration list for PBXNativeTarget "FollowLifeUITests" */;
			buildPhases = (
				28E433F1208D235000B2EBAC /* Sources */,
				28E433F2208D235000B2EBAC /* Frameworks */,
				28E433F3208D235000B2EBAC /* Resources */,
			);
			buildRules = (
			);
			dependencies = (
				28E433F7208D235000B2EBAC /* PBXTargetDependency */,
			);
			name = FollowLifeUITests;
			productName = FollowLifeUITests;
			productReference = 28E433F5208D235000B2EBAC /* FollowLifeUITests.xctest */;
			productType = "com.apple.product-type.bundle.ui-testing";
		};
/* End PBXNativeTarget section */

/* Begin PBXProject section */
		28E433CB208D234F00B2EBAC /* Project object */ = {
			isa = PBXProject;
			attributes = {
				LastSwiftUpdateCheck = 0930;
				LastUpgradeCheck = 0930;
				ORGANIZATIONNAME = "Hillari Zorrilla Delgado";
				TargetAttributes = {
					28E433D2208D234F00B2EBAC = {
						CreatedOnToolsVersion = 9.3;
					};
					28E433E9208D235000B2EBAC = {
						CreatedOnToolsVersion = 9.3;
						TestTargetID = 28E433D2208D234F00B2EBAC;
					};
					28E433F4208D235000B2EBAC = {
						CreatedOnToolsVersion = 9.3;
						TestTargetID = 28E433D2208D234F00B2EBAC;
					};
				};
			};
			buildConfigurationList = 28E433CE208D234F00B2EBAC /* Build configuration list for PBXProject "FollowLife" */;
			compatibilityVersion = "Xcode 9.3";
			developmentRegion = en;
			hasScannedForEncodings = 0;
			knownRegions = (
				en,
				Base,
			);
			mainGroup = 28E433CA208D234F00B2EBAC;
			productRefGroup = 28E433D4208D234F00B2EBAC /* Products */;
			projectDirPath = "";
			projectRoot = "";
			targets = (
				28E433D2208D234F00B2EBAC /* FollowLife */,
				28E433E9208D235000B2EBAC /* FollowLifeTests */,
				28E433F4208D235000B2EBAC /* FollowLifeUITests */,
			);
		};
/* End PBXProject section */

/* Begin PBXResourcesBuildPhase section */
		28E433D1208D234F00B2EBAC /* Resources */ = {
			isa = PBXResourcesBuildPhase;
			buildActionMask = 2147483647;
			files = (
				28E433E4208D235000B2EBAC /* LaunchScreen.storyboard in Resources */,
				28E433E1208D235000B2EBAC /* Assets.xcassets in Resources */,
				28E433DC208D234F00B2EBAC /* Main.storyboard in Resources */,
			);
			runOnlyForDeploymentPostprocessing = 0;
		};
		28E433E8208D235000B2EBAC /* Resources */ = {
			isa = PBXResourcesBuildPhase;
			buildActionMask = 2147483647;
			files = (
			);
			runOnlyForDeploymentPostprocessing = 0;
		};
		28E433F3208D235000B2EBAC /* Resources */ = {
			isa = PBXResourcesBuildPhase;
			buildActionMask = 2147483647;
			files = (
			);
			runOnlyForDeploymentPostprocessing = 0;
		};
/* End PBXResourcesBuildPhase section */

/* Begin PBXSourcesBuildPhase section */
		28E433CF208D234F00B2EBAC /* Sources */ = {
			isa = PBXSourcesBuildPhase;
			buildActionMask = 2147483647;
			files = (
				286143D4209ACBEA00315A7D /* RescheduledAppointmentDetailsViewController.swift in Sources */,
				286143D8209AEC0D00315A7D /* prescriptionFormMedViewController.swift in Sources */,
				28398890208EE8240066BC85 /* CalendarViewController.swift in Sources */,
				286143D6209AEBF800315A7D /* prescriptionFormAllViewController.swift in Sources */,
				28E433D7208D234F00B2EBAC /* AppDelegate.swift in Sources */,
				28E43412208D35A700B2EBAC /* LoginModel.swift in Sources */,
				282AF04E2091D7A200C9357E /* ChooseRoleViewController.swift in Sources */,
				282AF0562091EC3900C9357E /* ChoosePackageViewController.swift in Sources */,
				286143D2209AC9C800315A7D /* PrescriptionTypeViewController.swift in Sources */,
				2839888B208E955F0066BC85 /* RegisterViewModel.swift in Sources */,
				286143CD209875F100315A7D /* PatientsProfileViewController.swift in Sources */,
				28E433DF208D234F00B2EBAC /* FollowLife.xcdatamodeld in Sources */,
				28398889208E95360066BC85 /* RegisterViewController.swift in Sources */,
				282AF0522091EBA500C9357E /* HomeViewModel.swift in Sources */,
				28E43415208D4AE400B2EBAC /* LoginViewController.swift in Sources */,
				28E4340E208D34AD00B2EBAC /* LoginViewModel.swift in Sources */,
				282AF0582091EED500C9357E /* ChoosePackage2ViewController.swift in Sources */,
				282AF04C2091CCBE00C9357E /* AppointmentDetailsTableViewController.swift in Sources */,
				286143DA209AF15700315A7D /* ProfileViewController.swift in Sources */,
				282AF0542091EBC500C9357E /* HomeViewController.swift in Sources */,
				282AF0502091DC0300C9357E /* CalendarTableViewController.swift in Sources */,
			);
			runOnlyForDeploymentPostprocessing = 0;
		};
		28E433E6208D235000B2EBAC /* Sources */ = {
			isa = PBXSourcesBuildPhase;
			buildActionMask = 2147483647;
			files = (
				28E433EF208D235000B2EBAC /* FollowLifeTests.swift in Sources */,
			);
			runOnlyForDeploymentPostprocessing = 0;
		};
		28E433F1208D235000B2EBAC /* Sources */ = {
			isa = PBXSourcesBuildPhase;
			buildActionMask = 2147483647;
			files = (
				28E433FA208D235000B2EBAC /* FollowLifeUITests.swift in Sources */,
			);
			runOnlyForDeploymentPostprocessing = 0;
		};
/* End PBXSourcesBuildPhase section */

/* Begin PBXTargetDependency section */
		28E433EC208D235000B2EBAC /* PBXTargetDependency */ = {
			isa = PBXTargetDependency;
			target = 28E433D2208D234F00B2EBAC /* FollowLife */;
			targetProxy = 28E433EB208D235000B2EBAC /* PBXContainerItemProxy */;
		};
		28E433F7208D235000B2EBAC /* PBXTargetDependency */ = {
			isa = PBXTargetDependency;
			target = 28E433D2208D234F00B2EBAC /* FollowLife */;
			targetProxy = 28E433F6208D235000B2EBAC /* PBXContainerItemProxy */;
		};
/* End PBXTargetDependency section */

/* Begin PBXVariantGroup section */
		28E433DA208D234F00B2EBAC /* Main.storyboard */ = {
			isa = PBXVariantGroup;
			children = (
				28E433DB208D234F00B2EBAC /* Base */,
			);
			name = Main.storyboard;
			sourceTree = "<group>";
		};
		28E433E2208D235000B2EBAC /* LaunchScreen.storyboard */ = {
			isa = PBXVariantGroup;
			children = (
				28E433E3208D235000B2EBAC /* Base */,
			);
			name = LaunchScreen.storyboard;
			sourceTree = "<group>";
		};
/* End PBXVariantGroup section */

/* Begin XCBuildConfiguration section */
		28E433FC208D235000B2EBAC /* Debug */ = {
			isa = XCBuildConfiguration;
			buildSettings = {
				ALWAYS_SEARCH_USER_PATHS = NO;
				CLANG_ANALYZER_NONNULL = YES;
				CLANG_ANALYZER_NUMBER_OBJECT_CONVERSION = YES_AGGRESSIVE;
				CLANG_CXX_LANGUAGE_STANDARD = "gnu++14";
				CLANG_CXX_LIBRARY = "libc++";
				CLANG_ENABLE_MODULES = YES;
				CLANG_ENABLE_OBJC_ARC = YES;
				CLANG_ENABLE_OBJC_WEAK = YES;
				CLANG_WARN_BLOCK_CAPTURE_AUTORELEASING = YES;
				CLANG_WARN_BOOL_CONVERSION = YES;
				CLANG_WARN_COMMA = YES;
				CLANG_WARN_CONSTANT_CONVERSION = YES;
				CLANG_WARN_DEPRECATED_OBJC_IMPLEMENTATIONS = YES;
				CLANG_WARN_DIRECT_OBJC_ISA_USAGE = YES_ERROR;
				CLANG_WARN_DOCUMENTATION_COMMENTS = YES;
				CLANG_WARN_EMPTY_BODY = YES;
				CLANG_WARN_ENUM_CONVERSION = YES;
				CLANG_WARN_INFINITE_RECURSION = YES;
				CLANG_WARN_INT_CONVERSION = YES;
				CLANG_WARN_NON_LITERAL_NULL_CONVERSION = YES;
				CLANG_WARN_OBJC_IMPLICIT_RETAIN_SELF = YES;
				CLANG_WARN_OBJC_LITERAL_CONVERSION = YES;
				CLANG_WARN_OBJC_ROOT_CLASS = YES_ERROR;
				CLANG_WARN_RANGE_LOOP_ANALYSIS = YES;
				CLANG_WARN_STRICT_PROTOTYPES = YES;
				CLANG_WARN_SUSPICIOUS_MOVE = YES;
				CLANG_WARN_UNGUARDED_AVAILABILITY = YES_AGGRESSIVE;
				CLANG_WARN_UNREACHABLE_CODE = YES;
				CLANG_WARN__DUPLICATE_METHOD_MATCH = YES;
				CODE_SIGN_IDENTITY = "iPhone Developer";
				COPY_PHASE_STRIP = NO;
				DEBUG_INFORMATION_FORMAT = dwarf;
				ENABLE_STRICT_OBJC_MSGSEND = YES;
				ENABLE_TESTABILITY = YES;
				GCC_C_LANGUAGE_STANDARD = gnu11;
				GCC_DYNAMIC_NO_PIC = NO;
				GCC_NO_COMMON_BLOCKS = YES;
				GCC_OPTIMIZATION_LEVEL = 0;
				GCC_PREPROCESSOR_DEFINITIONS = (
					"DEBUG=1",
					"$(inherited)",
				);
				GCC_WARN_64_TO_32_BIT_CONVERSION = YES;
				GCC_WARN_ABOUT_RETURN_TYPE = YES_ERROR;
				GCC_WARN_UNDECLARED_SELECTOR = YES;
				GCC_WARN_UNINITIALIZED_AUTOS = YES_AGGRESSIVE;
				GCC_WARN_UNUSED_FUNCTION = YES;
				GCC_WARN_UNUSED_VARIABLE = YES;
				IPHONEOS_DEPLOYMENT_TARGET = 11.3;
				MTL_ENABLE_DEBUG_INFO = YES;
				ONLY_ACTIVE_ARCH = YES;
				SDKROOT = iphoneos;
				SWIFT_ACTIVE_COMPILATION_CONDITIONS = DEBUG;
				SWIFT_OPTIMIZATION_LEVEL = "-Onone";
			};
			name = Debug;
		};
		28E433FD208D235000B2EBAC /* Release */ = {
			isa = XCBuildConfiguration;
			buildSettings = {
				ALWAYS_SEARCH_USER_PATHS = NO;
				CLANG_ANALYZER_NONNULL = YES;
				CLANG_ANALYZER_NUMBER_OBJECT_CONVERSION = YES_AGGRESSIVE;
				CLANG_CXX_LANGUAGE_STANDARD = "gnu++14";
				CLANG_CXX_LIBRARY = "libc++";
				CLANG_ENABLE_MODULES = YES;
				CLANG_ENABLE_OBJC_ARC = YES;
				CLANG_ENABLE_OBJC_WEAK = YES;
				CLANG_WARN_BLOCK_CAPTURE_AUTORELEASING = YES;
				CLANG_WARN_BOOL_CONVERSION = YES;
				CLANG_WARN_COMMA = YES;
				CLANG_WARN_CONSTANT_CONVERSION = YES;
				CLANG_WARN_DEPRECATED_OBJC_IMPLEMENTATIONS = YES;
				CLANG_WARN_DIRECT_OBJC_ISA_USAGE = YES_ERROR;
				CLANG_WARN_DOCUMENTATION_COMMENTS = YES;
				CLANG_WARN_EMPTY_BODY = YES;
				CLANG_WARN_ENUM_CONVERSION = YES;
				CLANG_WARN_INFINITE_RECURSION = YES;
				CLANG_WARN_INT_CONVERSION = YES;
				CLANG_WARN_NON_LITERAL_NULL_CONVERSION = YES;
				CLANG_WARN_OBJC_IMPLICIT_RETAIN_SELF = YES;
				CLANG_WARN_OBJC_LITERAL_CONVERSION = YES;
				CLANG_WARN_OBJC_ROOT_CLASS = YES_ERROR;
				CLANG_WARN_RANGE_LOOP_ANALYSIS = YES;
				CLANG_WARN_STRICT_PROTOTYPES = YES;
				CLANG_WARN_SUSPICIOUS_MOVE = YES;
				CLANG_WARN_UNGUARDED_AVAILABILITY = YES_AGGRESSIVE;
				CLANG_WARN_UNREACHABLE_CODE = YES;
				CLANG_WARN__DUPLICATE_METHOD_MATCH = YES;
				CODE_SIGN_IDENTITY = "iPhone Developer";
				COPY_PHASE_STRIP = NO;
				DEBUG_INFORMATION_FORMAT = "dwarf-with-dsym";
				ENABLE_NS_ASSERTIONS = NO;
				ENABLE_STRICT_OBJC_MSGSEND = YES;
				GCC_C_LANGUAGE_STANDARD = gnu11;
				GCC_NO_COMMON_BLOCKS = YES;
				GCC_WARN_64_TO_32_BIT_CONVERSION = YES;
				GCC_WARN_ABOUT_RETURN_TYPE = YES_ERROR;
				GCC_WARN_UNDECLARED_SELECTOR = YES;
				GCC_WARN_UNINITIALIZED_AUTOS = YES_AGGRESSIVE;
				GCC_WARN_UNUSED_FUNCTION = YES;
				GCC_WARN_UNUSED_VARIABLE = YES;
				IPHONEOS_DEPLOYMENT_TARGET = 11.3;
				MTL_ENABLE_DEBUG_INFO = NO;
				SDKROOT = iphoneos;
				SWIFT_COMPILATION_MODE = wholemodule;
				SWIFT_OPTIMIZATION_LEVEL = "-O";
				VALIDATE_PRODUCT = YES;
			};
			name = Release;
		};
		28E433FF208D235000B2EBAC /* Debug */ = {
			isa = XCBuildConfiguration;
			buildSettings = {
				ASSETCATALOG_COMPILER_APPICON_NAME = AppIcon;
				CODE_SIGN_STYLE = Automatic;
				DEVELOPMENT_TEAM = 8468U436K8;
				INFOPLIST_FILE = FollowLife/Info.plist;
				LD_RUNPATH_SEARCH_PATHS = (
					"$(inherited)",
					"@executable_path/Frameworks",
				);
				PRODUCT_BUNDLE_IDENTIFIER = pe.edu.upc.FollowLife;
				PRODUCT_NAME = "$(TARGET_NAME)";
				SWIFT_VERSION = 4.0;
				TARGETED_DEVICE_FAMILY = "1,2";
			};
			name = Debug;
		};
		28E43400208D235000B2EBAC /* Release */ = {
			isa = XCBuildConfiguration;
			buildSettings = {
				ASSETCATALOG_COMPILER_APPICON_NAME = AppIcon;
				CODE_SIGN_STYLE = Automatic;
				DEVELOPMENT_TEAM = 8468U436K8;
				INFOPLIST_FILE = FollowLife/Info.plist;
				LD_RUNPATH_SEARCH_PATHS = (
					"$(inherited)",
					"@executable_path/Frameworks",
				);
				PRODUCT_BUNDLE_IDENTIFIER = pe.edu.upc.FollowLife;
				PRODUCT_NAME = "$(TARGET_NAME)";
				SWIFT_VERSION = 4.0;
				TARGETED_DEVICE_FAMILY = "1,2";
			};
			name = Release;
		};
		28E43402208D235000B2EBAC /* Debug */ = {
			isa = XCBuildConfiguration;
			buildSettings = {
				ALWAYS_EMBED_SWIFT_STANDARD_LIBRARIES = YES;
				BUNDLE_LOADER = "$(TEST_HOST)";
				CODE_SIGN_STYLE = Automatic;
				INFOPLIST_FILE = FollowLifeTests/Info.plist;
				LD_RUNPATH_SEARCH_PATHS = (
					"$(inherited)",
					"@executable_path/Frameworks",
					"@loader_path/Frameworks",
				);
				PRODUCT_BUNDLE_IDENTIFIER = pe.edu.upc.FollowLifeTests;
				PRODUCT_NAME = "$(TARGET_NAME)";
				SWIFT_VERSION = 4.0;
				TARGETED_DEVICE_FAMILY = "1,2";
				TEST_HOST = "$(BUILT_PRODUCTS_DIR)/FollowLife.app/FollowLife";
			};
			name = Debug;
		};
		28E43403208D235000B2EBAC /* Release */ = {
			isa = XCBuildConfiguration;
			buildSettings = {
				ALWAYS_EMBED_SWIFT_STANDARD_LIBRARIES = YES;
				BUNDLE_LOADER = "$(TEST_HOST)";
				CODE_SIGN_STYLE = Automatic;
				INFOPLIST_FILE = FollowLifeTests/Info.plist;
				LD_RUNPATH_SEARCH_PATHS = (
					"$(inherited)",
					"@executable_path/Frameworks",
					"@loader_path/Frameworks",
				);
				PRODUCT_BUNDLE_IDENTIFIER = pe.edu.upc.FollowLifeTests;
				PRODUCT_NAME = "$(TARGET_NAME)";
				SWIFT_VERSION = 4.0;
				TARGETED_DEVICE_FAMILY = "1,2";
				TEST_HOST = "$(BUILT_PRODUCTS_DIR)/FollowLife.app/FollowLife";
			};
			name = Release;
		};
		28E43405208D235000B2EBAC /* Debug */ = {
			isa = XCBuildConfiguration;
			buildSettings = {
				ALWAYS_EMBED_SWIFT_STANDARD_LIBRARIES = YES;
				CODE_SIGN_STYLE = Automatic;
				INFOPLIST_FILE = FollowLifeUITests/Info.plist;
				LD_RUNPATH_SEARCH_PATHS = (
					"$(inherited)",
					"@executable_path/Frameworks",
					"@loader_path/Frameworks",
				);
				PRODUCT_BUNDLE_IDENTIFIER = pe.edu.upc.FollowLifeUITests;
				PRODUCT_NAME = "$(TARGET_NAME)";
				SWIFT_VERSION = 4.0;
				TARGETED_DEVICE_FAMILY = "1,2";
				TEST_TARGET_NAME = FollowLife;
			};
			name = Debug;
		};
		28E43406208D235000B2EBAC /* Release */ = {
			isa = XCBuildConfiguration;
			buildSettings = {
				ALWAYS_EMBED_SWIFT_STANDARD_LIBRARIES = YES;
				CODE_SIGN_STYLE = Automatic;
				INFOPLIST_FILE = FollowLifeUITests/Info.plist;
				LD_RUNPATH_SEARCH_PATHS = (
					"$(inherited)",
					"@executable_path/Frameworks",
					"@loader_path/Frameworks",
				);
				PRODUCT_BUNDLE_IDENTIFIER = pe.edu.upc.FollowLifeUITests;
				PRODUCT_NAME = "$(TARGET_NAME)";
				SWIFT_VERSION = 4.0;
				TARGETED_DEVICE_FAMILY = "1,2";
				TEST_TARGET_NAME = FollowLife;
			};
			name = Release;
		};
/* End XCBuildConfiguration section */

/* Begin XCConfigurationList section */
		28E433CE208D234F00B2EBAC /* Build configuration list for PBXProject "FollowLife" */ = {
			isa = XCConfigurationList;
			buildConfigurations = (
				28E433FC208D235000B2EBAC /* Debug */,
				28E433FD208D235000B2EBAC /* Release */,
			);
			defaultConfigurationIsVisible = 0;
			defaultConfigurationName = Release;
		};
		28E433FE208D235000B2EBAC /* Build configuration list for PBXNativeTarget "FollowLife" */ = {
			isa = XCConfigurationList;
			buildConfigurations = (
				28E433FF208D235000B2EBAC /* Debug */,
				28E43400208D235000B2EBAC /* Release */,
			);
			defaultConfigurationIsVisible = 0;
			defaultConfigurationName = Release;
		};
		28E43401208D235000B2EBAC /* Build configuration list for PBXNativeTarget "FollowLifeTests" */ = {
			isa = XCConfigurationList;
			buildConfigurations = (
				28E43402208D235000B2EBAC /* Debug */,
				28E43403208D235000B2EBAC /* Release */,
			);
			defaultConfigurationIsVisible = 0;
			defaultConfigurationName = Release;
		};
		28E43404208D235000B2EBAC /* Build configuration list for PBXNativeTarget "FollowLifeUITests" */ = {
			isa = XCConfigurationList;
			buildConfigurations = (
				28E43405208D235000B2EBAC /* Debug */,
				28E43406208D235000B2EBAC /* Release */,
			);
			defaultConfigurationIsVisible = 0;
			defaultConfigurationName = Release;
		};
/* End XCConfigurationList section */

/* Begin XCVersionGroup section */
		28E433DD208D234F00B2EBAC /* FollowLife.xcdatamodeld */ = {
			isa = XCVersionGroup;
			children = (
				28E433DE208D234F00B2EBAC /* FollowLife.xcdatamodel */,
			);
			currentVersion = 28E433DE208D234F00B2EBAC /* FollowLife.xcdatamodel */;
			path = FollowLife.xcdatamodeld;
			sourceTree = "<group>";
			versionGroupType = wrapper.xcdatamodel;
		};
/* End XCVersionGroup section */
	};
	rootObject = 28E433CB208D234F00B2EBAC /* Project object */;
}
