// !$*UTF8*$!
{
	archiveVersion = 1;
	classes = {
	};
	objectVersion = 50;
	objects = {

/* Begin PBXBuildFile section */
		282AF0522091EBA500C9357E /* HomeViewModel.swift in Sources */ = {isa = PBXBuildFile; fileRef = 282AF0512091EBA500C9357E /* HomeViewModel.swift */; };
		2839888B208E955F0066BC85 /* RegisterViewModel.swift in Sources */ = {isa = PBXBuildFile; fileRef = 2839888A208E955F0066BC85 /* RegisterViewModel.swift */; };
		28E433D7208D234F00B2EBAC /* AppDelegate.swift in Sources */ = {isa = PBXBuildFile; fileRef = 28E433D6208D234F00B2EBAC /* AppDelegate.swift */; };
		28E433DF208D234F00B2EBAC /* FollowLife.xcdatamodeld in Sources */ = {isa = PBXBuildFile; fileRef = 28E433DD208D234F00B2EBAC /* FollowLife.xcdatamodeld */; };
		28E433E1208D235000B2EBAC /* Assets.xcassets in Resources */ = {isa = PBXBuildFile; fileRef = 28E433E0208D235000B2EBAC /* Assets.xcassets */; };
		28E433E4208D235000B2EBAC /* LaunchScreen.storyboard in Resources */ = {isa = PBXBuildFile; fileRef = 28E433E2208D235000B2EBAC /* LaunchScreen.storyboard */; };
		28E433EF208D235000B2EBAC /* FollowLifeTests.swift in Sources */ = {isa = PBXBuildFile; fileRef = 28E433EE208D235000B2EBAC /* FollowLifeTests.swift */; };
		28E433FA208D235000B2EBAC /* FollowLifeUITests.swift in Sources */ = {isa = PBXBuildFile; fileRef = 28E433F9208D235000B2EBAC /* FollowLifeUITests.swift */; };
		28E4340E208D34AD00B2EBAC /* LoginViewModel.swift in Sources */ = {isa = PBXBuildFile; fileRef = 28E4340D208D34AD00B2EBAC /* LoginViewModel.swift */; };
		28E43412208D35A700B2EBAC /* LoginModel.swift in Sources */ = {isa = PBXBuildFile; fileRef = 28E43411208D35A700B2EBAC /* LoginModel.swift */; };
		4000D91A20B7056E0061BBC9 /* ProfileViewController.swift in Sources */ = {isa = PBXBuildFile; fileRef = 4000D90B20B7056D0061BBC9 /* ProfileViewController.swift */; };
		4000D91B20B7056E0061BBC9 /* PrescriptionFormAllViewController.swift in Sources */ = {isa = PBXBuildFile; fileRef = 4000D90C20B7056D0061BBC9 /* PrescriptionFormAllViewController.swift */; };
		4000D91C20B7056E0061BBC9 /* RegisterViewController.swift in Sources */ = {isa = PBXBuildFile; fileRef = 4000D90D20B7056D0061BBC9 /* RegisterViewController.swift */; };
		4000D91D20B7056E0061BBC9 /* PrescriptionTypeViewController.swift in Sources */ = {isa = PBXBuildFile; fileRef = 4000D90E20B7056D0061BBC9 /* PrescriptionTypeViewController.swift */; };
		4000D91E20B7056E0061BBC9 /* HomeViewController.swift in Sources */ = {isa = PBXBuildFile; fileRef = 4000D90F20B7056D0061BBC9 /* HomeViewController.swift */; };
		4000D91F20B7056E0061BBC9 /* PrescriptionFormMedViewController.swift in Sources */ = {isa = PBXBuildFile; fileRef = 4000D91020B7056D0061BBC9 /* PrescriptionFormMedViewController.swift */; };
		4000D92020B7056E0061BBC9 /* LoginViewController.swift in Sources */ = {isa = PBXBuildFile; fileRef = 4000D91120B7056D0061BBC9 /* LoginViewController.swift */; };
		4000D92120B7056E0061BBC9 /* ChoosePackageViewController.swift in Sources */ = {isa = PBXBuildFile; fileRef = 4000D91220B7056D0061BBC9 /* ChoosePackageViewController.swift */; };
		4000D92220B7056E0061BBC9 /* ChooseRoleViewController.swift in Sources */ = {isa = PBXBuildFile; fileRef = 4000D91320B7056E0061BBC9 /* ChooseRoleViewController.swift */; };
		4000D92320B7056E0061BBC9 /* CalendarTableViewController.swift in Sources */ = {isa = PBXBuildFile; fileRef = 4000D91420B7056E0061BBC9 /* CalendarTableViewController.swift */; };
		4000D92420B7056E0061BBC9 /* PatientsProfileViewController.swift in Sources */ = {isa = PBXBuildFile; fileRef = 4000D91520B7056E0061BBC9 /* PatientsProfileViewController.swift */; };
		4000D92520B7056E0061BBC9 /* RescheduledAppointmentDetailsViewController.swift in Sources */ = {isa = PBXBuildFile; fileRef = 4000D91620B7056E0061BBC9 /* RescheduledAppointmentDetailsViewController.swift */; };
		4000D92620B7056E0061BBC9 /* CalendarViewController.swift in Sources */ = {isa = PBXBuildFile; fileRef = 4000D91720B7056E0061BBC9 /* CalendarViewController.swift */; };
		4000D92720B7056E0061BBC9 /* ChoosePackage2ViewController.swift in Sources */ = {isa = PBXBuildFile; fileRef = 4000D91820B7056E0061BBC9 /* ChoosePackage2ViewController.swift */; };
		4000D92820B7056E0061BBC9 /* AppointmentDetailsTableViewController.swift in Sources */ = {isa = PBXBuildFile; fileRef = 4000D91920B7056E0061BBC9 /* AppointmentDetailsTableViewController.swift */; };
		40EEDA0820BE815F00D3126D /* Main.storyboard in Resources */ = {isa = PBXBuildFile; fileRef = 40EEDA0620BE815F00D3126D /* Main.storyboard */; };
		DF2656F120D9DFEC002874D3 /* ApointmentViewModel.swift in Sources */ = {isa = PBXBuildFile; fileRef = DF2656F020D9DFEC002874D3 /* ApointmentViewModel.swift */; };
		DF7E59D320DEAE3800DC0BBC /* FollowLifeFramework.framework in Frameworks */ = {isa = PBXBuildFile; fileRef = DF7E59CE20DEAE0100DC0BBC /* FollowLifeFramework.framework */; };
		DF7E59D420DEAE3800DC0BBC /* FollowLifeFramework.framework in Embed Frameworks */ = {isa = PBXBuildFile; fileRef = DF7E59CE20DEAE0100DC0BBC /* FollowLifeFramework.framework */; settings = {ATTRIBUTES = (CodeSignOnCopy, RemoveHeadersOnCopy, ); }; };
		DF7E59DD20DEAE6900DC0BBC /* SwiftyJSON.framework in Frameworks */ = {isa = PBXBuildFile; fileRef = DF7E59B820DEADFB00DC0BBC /* SwiftyJSON.framework */; };
		DF7E59DE20DEAE6900DC0BBC /* SwiftyJSON.framework in Embed Frameworks */ = {isa = PBXBuildFile; fileRef = DF7E59B820DEADFB00DC0BBC /* SwiftyJSON.framework */; settings = {ATTRIBUTES = (CodeSignOnCopy, RemoveHeadersOnCopy, ); }; };
		DF7E59E120DEAE6900DC0BBC /* Alamofire.framework in Frameworks */ = {isa = PBXBuildFile; fileRef = DF7E599F20DEADF300DC0BBC /* Alamofire.framework */; };
		DF7E59E220DEAE6900DC0BBC /* Alamofire.framework in Embed Frameworks */ = {isa = PBXBuildFile; fileRef = DF7E599F20DEADF300DC0BBC /* Alamofire.framework */; settings = {ATTRIBUTES = (CodeSignOnCopy, RemoveHeadersOnCopy, ); }; };
		DF7E59EA20DF172C00DC0BBC /* AppointmentTableViewCell.swift in Sources */ = {isa = PBXBuildFile; fileRef = DF7E59E920DF172C00DC0BBC /* AppointmentTableViewCell.swift */; };
		DF7E59EC20DF3AC600DC0BBC /* AddAppointmentViewController.swift in Sources */ = {isa = PBXBuildFile; fileRef = DF7E59EB20DF3AC600DC0BBC /* AddAppointmentViewController.swift */; };
/* End PBXBuildFile section */

/* Begin PBXContainerItemProxy section */
		28E433EB208D235000B2EBAC /* PBXContainerItemProxy */ = {
			isa = PBXContainerItemProxy;
			containerPortal = 28E433CB208D234F00B2EBAC /* Project object */;
			proxyType = 1;
			remoteGlobalIDString = 28E433D2208D234F00B2EBAC;
			remoteInfo = FollowLife;
		};
		28E433F6208D235000B2EBAC /* PBXContainerItemProxy */ = {
			isa = PBXContainerItemProxy;
			containerPortal = 28E433CB208D234F00B2EBAC /* Project object */;
			proxyType = 1;
			remoteGlobalIDString = 28E433D2208D234F00B2EBAC;
			remoteInfo = FollowLife;
		};
		DF7E599E20DEADF300DC0BBC /* PBXContainerItemProxy */ = {
			isa = PBXContainerItemProxy;
			containerPortal = DF7E599320DEADF300DC0BBC /* Alamofire.xcodeproj */;
			proxyType = 2;
			remoteGlobalIDString = F8111E3319A95C8B0040E7D1;
			remoteInfo = "Alamofire iOS";
		};
		DF7E59A020DEADF300DC0BBC /* PBXContainerItemProxy */ = {
			isa = PBXContainerItemProxy;
			containerPortal = DF7E599320DEADF300DC0BBC /* Alamofire.xcodeproj */;
			proxyType = 2;
			remoteGlobalIDString = F8111E3E19A95C8B0040E7D1;
			remoteInfo = "Alamofire iOS Tests";
		};
		DF7E59A220DEADF300DC0BBC /* PBXContainerItemProxy */ = {
			isa = PBXContainerItemProxy;
			containerPortal = DF7E599320DEADF300DC0BBC /* Alamofire.xcodeproj */;
			proxyType = 2;
			remoteGlobalIDString = 4DD67C0B1A5C55C900ED2280;
			remoteInfo = "Alamofire macOS";
		};
		DF7E59A420DEADF300DC0BBC /* PBXContainerItemProxy */ = {
			isa = PBXContainerItemProxy;
			containerPortal = DF7E599320DEADF300DC0BBC /* Alamofire.xcodeproj */;
			proxyType = 2;
			remoteGlobalIDString = F829C6B21A7A94F100A2CD59;
			remoteInfo = "Alamofire macOS Tests";
		};
		DF7E59A620DEADF300DC0BBC /* PBXContainerItemProxy */ = {
			isa = PBXContainerItemProxy;
			containerPortal = DF7E599320DEADF300DC0BBC /* Alamofire.xcodeproj */;
			proxyType = 2;
			remoteGlobalIDString = 4CF626EF1BA7CB3E0011A099;
			remoteInfo = "Alamofire tvOS";
		};
		DF7E59A820DEADF300DC0BBC /* PBXContainerItemProxy */ = {
			isa = PBXContainerItemProxy;
			containerPortal = DF7E599320DEADF300DC0BBC /* Alamofire.xcodeproj */;
			proxyType = 2;
			remoteGlobalIDString = 4CF626F81BA7CB3E0011A099;
			remoteInfo = "Alamofire tvOS Tests";
		};
		DF7E59AA20DEADF300DC0BBC /* PBXContainerItemProxy */ = {
			isa = PBXContainerItemProxy;
			containerPortal = DF7E599320DEADF300DC0BBC /* Alamofire.xcodeproj */;
			proxyType = 2;
			remoteGlobalIDString = E4202FE01B667AA100C997FB;
			remoteInfo = "Alamofire watchOS";
		};
		DF7E59B720DEADFB00DC0BBC /* PBXContainerItemProxy */ = {
			isa = PBXContainerItemProxy;
			containerPortal = DF7E59AC20DEADFB00DC0BBC /* SwiftyJSON.xcodeproj */;
			proxyType = 2;
			remoteGlobalIDString = 2E4FEFDB19575BE100351305;
			remoteInfo = "SwiftyJSON iOS";
		};
		DF7E59B920DEADFB00DC0BBC /* PBXContainerItemProxy */ = {
			isa = PBXContainerItemProxy;
			containerPortal = DF7E59AC20DEADFB00DC0BBC /* SwiftyJSON.xcodeproj */;
			proxyType = 2;
			remoteGlobalIDString = 2E4FEFE619575BE100351305;
			remoteInfo = "SwiftyJSON iOS Tests";
		};
		DF7E59BB20DEADFB00DC0BBC /* PBXContainerItemProxy */ = {
			isa = PBXContainerItemProxy;
			containerPortal = DF7E59AC20DEADFB00DC0BBC /* SwiftyJSON.xcodeproj */;
			proxyType = 2;
			remoteGlobalIDString = 9C7DFC5B1A9102BD005AA3F7;
			remoteInfo = "SwiftyJSON macOS";
		};
		DF7E59BD20DEADFB00DC0BBC /* PBXContainerItemProxy */ = {
			isa = PBXContainerItemProxy;
			containerPortal = DF7E59AC20DEADFB00DC0BBC /* SwiftyJSON.xcodeproj */;
			proxyType = 2;
			remoteGlobalIDString = 9C7DFC651A9102BD005AA3F7;
			remoteInfo = "SwiftyJSON macOS Tests";
		};
		DF7E59BF20DEADFB00DC0BBC /* PBXContainerItemProxy */ = {
			isa = PBXContainerItemProxy;
			containerPortal = DF7E59AC20DEADFB00DC0BBC /* SwiftyJSON.xcodeproj */;
			proxyType = 2;
			remoteGlobalIDString = E4D7CCE81B9465A700EE7221;
			remoteInfo = "SwiftyJSON watchOS";
		};
		DF7E59C120DEADFB00DC0BBC /* PBXContainerItemProxy */ = {
			isa = PBXContainerItemProxy;
			containerPortal = DF7E59AC20DEADFB00DC0BBC /* SwiftyJSON.xcodeproj */;
			proxyType = 2;
			remoteGlobalIDString = 7236B4F61BAC14150020529B;
			remoteInfo = "SwiftyJSON tvOS";
		};
		DF7E59C320DEADFB00DC0BBC /* PBXContainerItemProxy */ = {
			isa = PBXContainerItemProxy;
			containerPortal = DF7E59AC20DEADFB00DC0BBC /* SwiftyJSON.xcodeproj */;
			proxyType = 2;
			remoteGlobalIDString = A8580F741BCF5C5B00DA927B;
			remoteInfo = "SwiftyJSON tvOS Tests";
		};
		DF7E59CD20DEAE0100DC0BBC /* PBXContainerItemProxy */ = {
			isa = PBXContainerItemProxy;
			containerPortal = DF7E59C520DEAE0100DC0BBC /* FollowLifeFramework.xcodeproj */;
			proxyType = 2;
			remoteGlobalIDString = 40DB0BEF20B91CF200A3AB2D;
			remoteInfo = FollowLifeFramework;
		};
		DF7E59CF20DEAE0100DC0BBC /* PBXContainerItemProxy */ = {
			isa = PBXContainerItemProxy;
			containerPortal = DF7E59C520DEAE0100DC0BBC /* FollowLifeFramework.xcodeproj */;
			proxyType = 2;
			remoteGlobalIDString = 40DB0C6020B91E9A00A3AB2D;
			remoteInfo = FollowLifeWatchFramework;
		};
		DF7E59D120DEAE0100DC0BBC /* PBXContainerItemProxy */ = {
			isa = PBXContainerItemProxy;
			containerPortal = DF7E59C520DEAE0100DC0BBC /* FollowLifeFramework.xcodeproj */;
			proxyType = 2;
			remoteGlobalIDString = 40DB0C6D20B91EBF00A3AB2D;
			remoteInfo = FollowLifeTVFramework;
		};
		DF7E59D520DEAE3800DC0BBC /* PBXContainerItemProxy */ = {
			isa = PBXContainerItemProxy;
			containerPortal = DF7E59C520DEAE0100DC0BBC /* FollowLifeFramework.xcodeproj */;
			proxyType = 1;
			remoteGlobalIDString = 40DB0BEE20B91CF200A3AB2D;
			remoteInfo = FollowLifeFramework;
		};
		DF7E59DF20DEAE6900DC0BBC /* PBXContainerItemProxy */ = {
			isa = PBXContainerItemProxy;
			containerPortal = DF7E59AC20DEADFB00DC0BBC /* SwiftyJSON.xcodeproj */;
			proxyType = 1;
			remoteGlobalIDString = 2E4FEFDA19575BE100351305;
			remoteInfo = "SwiftyJSON iOS";
		};
		DF7E59E320DEAE6900DC0BBC /* PBXContainerItemProxy */ = {
			isa = PBXContainerItemProxy;
			containerPortal = DF7E599320DEADF300DC0BBC /* Alamofire.xcodeproj */;
			proxyType = 1;
			remoteGlobalIDString = F8111E3219A95C8B0040E7D1;
			remoteInfo = "Alamofire iOS";
		};
/* End PBXContainerItemProxy section */

/* Begin PBXCopyFilesBuildPhase section */
		DF7E599220DEAC9C00DC0BBC /* Embed Frameworks */ = {
			isa = PBXCopyFilesBuildPhase;
			buildActionMask = 2147483647;
			dstPath = "";
			dstSubfolderSpec = 10;
			files = (
				DF7E59DE20DEAE6900DC0BBC /* SwiftyJSON.framework in Embed Frameworks */,
				DF7E59E220DEAE6900DC0BBC /* Alamofire.framework in Embed Frameworks */,
				DF7E59D420DEAE3800DC0BBC /* FollowLifeFramework.framework in Embed Frameworks */,
			);
			name = "Embed Frameworks";
			runOnlyForDeploymentPostprocessing = 0;
		};
/* End PBXCopyFilesBuildPhase section */

/* Begin PBXFileReference section */
		282AF0512091EBA500C9357E /* HomeViewModel.swift */ = {isa = PBXFileReference; lastKnownFileType = sourcecode.swift; path = HomeViewModel.swift; sourceTree = "<group>"; };
		2839888A208E955F0066BC85 /* RegisterViewModel.swift */ = {isa = PBXFileReference; lastKnownFileType = sourcecode.swift; path = RegisterViewModel.swift; sourceTree = "<group>"; };
		28E433D3208D234F00B2EBAC /* FollowLife.app */ = {isa = PBXFileReference; explicitFileType = wrapper.application; includeInIndex = 0; path = FollowLife.app; sourceTree = BUILT_PRODUCTS_DIR; };
		28E433D6208D234F00B2EBAC /* AppDelegate.swift */ = {isa = PBXFileReference; lastKnownFileType = sourcecode.swift; path = AppDelegate.swift; sourceTree = "<group>"; };
		28E433DE208D234F00B2EBAC /* FollowLife.xcdatamodel */ = {isa = PBXFileReference; lastKnownFileType = wrapper.xcdatamodel; path = FollowLife.xcdatamodel; sourceTree = "<group>"; };
		28E433E0208D235000B2EBAC /* Assets.xcassets */ = {isa = PBXFileReference; lastKnownFileType = folder.assetcatalog; path = Assets.xcassets; sourceTree = "<group>"; };
		28E433E3208D235000B2EBAC /* Base */ = {isa = PBXFileReference; lastKnownFileType = file.storyboard; name = Base; path = Base.lproj/LaunchScreen.storyboard; sourceTree = "<group>"; };
		28E433E5208D235000B2EBAC /* Info.plist */ = {isa = PBXFileReference; lastKnownFileType = text.plist.xml; path = Info.plist; sourceTree = "<group>"; };
		28E433EA208D235000B2EBAC /* FollowLifeTests.xctest */ = {isa = PBXFileReference; explicitFileType = wrapper.cfbundle; includeInIndex = 0; path = FollowLifeTests.xctest; sourceTree = BUILT_PRODUCTS_DIR; };
		28E433EE208D235000B2EBAC /* FollowLifeTests.swift */ = {isa = PBXFileReference; lastKnownFileType = sourcecode.swift; path = FollowLifeTests.swift; sourceTree = "<group>"; };
		28E433F0208D235000B2EBAC /* Info.plist */ = {isa = PBXFileReference; lastKnownFileType = text.plist.xml; path = Info.plist; sourceTree = "<group>"; };
		28E433F5208D235000B2EBAC /* FollowLifeUITests.xctest */ = {isa = PBXFileReference; explicitFileType = wrapper.cfbundle; includeInIndex = 0; path = FollowLifeUITests.xctest; sourceTree = BUILT_PRODUCTS_DIR; };
		28E433F9208D235000B2EBAC /* FollowLifeUITests.swift */ = {isa = PBXFileReference; lastKnownFileType = sourcecode.swift; path = FollowLifeUITests.swift; sourceTree = "<group>"; };
		28E433FB208D235000B2EBAC /* Info.plist */ = {isa = PBXFileReference; lastKnownFileType = text.plist.xml; path = Info.plist; sourceTree = "<group>"; };
		28E4340D208D34AD00B2EBAC /* LoginViewModel.swift */ = {isa = PBXFileReference; lastKnownFileType = sourcecode.swift; path = LoginViewModel.swift; sourceTree = "<group>"; };
		28E43411208D35A700B2EBAC /* LoginModel.swift */ = {isa = PBXFileReference; lastKnownFileType = sourcecode.swift; path = LoginModel.swift; sourceTree = "<group>"; };
		4000D90B20B7056D0061BBC9 /* ProfileViewController.swift */ = {isa = PBXFileReference; fileEncoding = 4; lastKnownFileType = sourcecode.swift; path = ProfileViewController.swift; sourceTree = "<group>"; };
		4000D90C20B7056D0061BBC9 /* PrescriptionFormAllViewController.swift */ = {isa = PBXFileReference; fileEncoding = 4; lastKnownFileType = sourcecode.swift; path = PrescriptionFormAllViewController.swift; sourceTree = "<group>"; };
		4000D90D20B7056D0061BBC9 /* RegisterViewController.swift */ = {isa = PBXFileReference; fileEncoding = 4; lastKnownFileType = sourcecode.swift; path = RegisterViewController.swift; sourceTree = "<group>"; };
		4000D90E20B7056D0061BBC9 /* PrescriptionTypeViewController.swift */ = {isa = PBXFileReference; fileEncoding = 4; lastKnownFileType = sourcecode.swift; path = PrescriptionTypeViewController.swift; sourceTree = "<group>"; };
		4000D90F20B7056D0061BBC9 /* HomeViewController.swift */ = {isa = PBXFileReference; fileEncoding = 4; lastKnownFileType = sourcecode.swift; path = HomeViewController.swift; sourceTree = "<group>"; };
		4000D91020B7056D0061BBC9 /* PrescriptionFormMedViewController.swift */ = {isa = PBXFileReference; fileEncoding = 4; lastKnownFileType = sourcecode.swift; path = PrescriptionFormMedViewController.swift; sourceTree = "<group>"; };
		4000D91120B7056D0061BBC9 /* LoginViewController.swift */ = {isa = PBXFileReference; fileEncoding = 4; lastKnownFileType = sourcecode.swift; path = LoginViewController.swift; sourceTree = "<group>"; };
		4000D91220B7056D0061BBC9 /* ChoosePackageViewController.swift */ = {isa = PBXFileReference; fileEncoding = 4; lastKnownFileType = sourcecode.swift; path = ChoosePackageViewController.swift; sourceTree = "<group>"; };
		4000D91320B7056E0061BBC9 /* ChooseRoleViewController.swift */ = {isa = PBXFileReference; fileEncoding = 4; lastKnownFileType = sourcecode.swift; path = ChooseRoleViewController.swift; sourceTree = "<group>"; };
		4000D91420B7056E0061BBC9 /* CalendarTableViewController.swift */ = {isa = PBXFileReference; fileEncoding = 4; lastKnownFileType = sourcecode.swift; path = CalendarTableViewController.swift; sourceTree = "<group>"; };
		4000D91520B7056E0061BBC9 /* PatientsProfileViewController.swift */ = {isa = PBXFileReference; fileEncoding = 4; lastKnownFileType = sourcecode.swift; path = PatientsProfileViewController.swift; sourceTree = "<group>"; };
		4000D91620B7056E0061BBC9 /* RescheduledAppointmentDetailsViewController.swift */ = {isa = PBXFileReference; fileEncoding = 4; lastKnownFileType = sourcecode.swift; path = RescheduledAppointmentDetailsViewController.swift; sourceTree = "<group>"; };
		4000D91720B7056E0061BBC9 /* CalendarViewController.swift */ = {isa = PBXFileReference; fileEncoding = 4; lastKnownFileType = sourcecode.swift; path = CalendarViewController.swift; sourceTree = "<group>"; };
		4000D91820B7056E0061BBC9 /* ChoosePackage2ViewController.swift */ = {isa = PBXFileReference; fileEncoding = 4; lastKnownFileType = sourcecode.swift; path = ChoosePackage2ViewController.swift; sourceTree = "<group>"; };
		4000D91920B7056E0061BBC9 /* AppointmentDetailsTableViewController.swift */ = {isa = PBXFileReference; fileEncoding = 4; lastKnownFileType = sourcecode.swift; path = AppointmentDetailsTableViewController.swift; sourceTree = "<group>"; };
		40EEDA0720BE815F00D3126D /* Base */ = {isa = PBXFileReference; lastKnownFileType = file.storyboard; name = Base; path = Base.lproj/Main.storyboard; sourceTree = "<group>"; };
		DF2656F020D9DFEC002874D3 /* ApointmentViewModel.swift */ = {isa = PBXFileReference; lastKnownFileType = sourcecode.swift; path = ApointmentViewModel.swift; sourceTree = "<group>"; };
		DF7E599320DEADF300DC0BBC /* Alamofire.xcodeproj */ = {isa = PBXFileReference; lastKnownFileType = "wrapper.pb-project"; name = Alamofire.xcodeproj; path = Alamofire/Alamofire.xcodeproj; sourceTree = "<group>"; };
		DF7E59AC20DEADFB00DC0BBC /* SwiftyJSON.xcodeproj */ = {isa = PBXFileReference; lastKnownFileType = "wrapper.pb-project"; name = SwiftyJSON.xcodeproj; path = SwiftyJSON/SwiftyJSON.xcodeproj; sourceTree = "<group>"; };
		DF7E59C520DEAE0100DC0BBC /* FollowLifeFramework.xcodeproj */ = {isa = PBXFileReference; lastKnownFileType = "wrapper.pb-project"; name = FollowLifeFramework.xcodeproj; path = "FollowLifeiOSFramework-master/FollowLifeFramework.xcodeproj"; sourceTree = "<group>"; };
		DF7E59E920DF172C00DC0BBC /* AppointmentTableViewCell.swift */ = {isa = PBXFileReference; lastKnownFileType = sourcecode.swift; path = AppointmentTableViewCell.swift; sourceTree = "<group>"; };
		DF7E59EB20DF3AC600DC0BBC /* AddAppointmentViewController.swift */ = {isa = PBXFileReference; lastKnownFileType = sourcecode.swift; path = AddAppointmentViewController.swift; sourceTree = "<group>"; };
/* End PBXFileReference section */

/* Begin PBXFrameworksBuildPhase section */
		28E433D0208D234F00B2EBAC /* Frameworks */ = {
			isa = PBXFrameworksBuildPhase;
			buildActionMask = 2147483647;
			files = (
				DF7E59DD20DEAE6900DC0BBC /* SwiftyJSON.framework in Frameworks */,
				DF7E59E120DEAE6900DC0BBC /* Alamofire.framework in Frameworks */,
				DF7E59D320DEAE3800DC0BBC /* FollowLifeFramework.framework in Frameworks */,
			);
			runOnlyForDeploymentPostprocessing = 0;
		};
		28E433E7208D235000B2EBAC /* Frameworks */ = {
			isa = PBXFrameworksBuildPhase;
			buildActionMask = 2147483647;
			files = (
			);
			runOnlyForDeploymentPostprocessing = 0;
		};
		28E433F2208D235000B2EBAC /* Frameworks */ = {
			isa = PBXFrameworksBuildPhase;
			buildActionMask = 2147483647;
			files = (
			);
			runOnlyForDeploymentPostprocessing = 0;
		};
/* End PBXFrameworksBuildPhase section */

/* Begin PBXGroup section */
		28E433CA208D234F00B2EBAC = {
			isa = PBXGroup;
			children = (
				DF7E59C520DEAE0100DC0BBC /* FollowLifeFramework.xcodeproj */,
				DF7E59AC20DEADFB00DC0BBC /* SwiftyJSON.xcodeproj */,
				DF7E599320DEADF300DC0BBC /* Alamofire.xcodeproj */,
				28E433D5208D234F00B2EBAC /* FollowLife */,
				28E433ED208D235000B2EBAC /* FollowLifeTests */,
				28E433F8208D235000B2EBAC /* FollowLifeUITests */,
				28E433D4208D234F00B2EBAC /* Products */,
			);
			sourceTree = "<group>";
		};
		28E433D4208D234F00B2EBAC /* Products */ = {
			isa = PBXGroup;
			children = (
				28E433D3208D234F00B2EBAC /* FollowLife.app */,
				28E433EA208D235000B2EBAC /* FollowLifeTests.xctest */,
				28E433F5208D235000B2EBAC /* FollowLifeUITests.xctest */,
			);
			name = Products;
			sourceTree = "<group>";
		};
		28E433D5208D234F00B2EBAC /* FollowLife */ = {
			isa = PBXGroup;
			children = (
				4000D90720B7039E0061BBC9 /* Views */,
				28E43413208D488800B2EBAC /* ViewControllers */,
				28E4340C208D278B00B2EBAC /* ViewModel */,
				28E43409208D238200B2EBAC /* Model */,
				28E433D6208D234F00B2EBAC /* AppDelegate.swift */,
				28E4340A208D23A500B2EBAC /* Assets */,
				28E433E5208D235000B2EBAC /* Info.plist */,
				28E433DD208D234F00B2EBAC /* FollowLife.xcdatamodeld */,
			);
			path = FollowLife;
			sourceTree = "<group>";
		};
		28E433ED208D235000B2EBAC /* FollowLifeTests */ = {
			isa = PBXGroup;
			children = (
				28E433EE208D235000B2EBAC /* FollowLifeTests.swift */,
				28E433F0208D235000B2EBAC /* Info.plist */,
			);
			path = FollowLifeTests;
			sourceTree = "<group>";
		};
		28E433F8208D235000B2EBAC /* FollowLifeUITests */ = {
			isa = PBXGroup;
			children = (
				28E433F9208D235000B2EBAC /* FollowLifeUITests.swift */,
				28E433FB208D235000B2EBAC /* Info.plist */,
			);
			path = FollowLifeUITests;
			sourceTree = "<group>";
		};
		28E43409208D238200B2EBAC /* Model */ = {
			isa = PBXGroup;
			children = (
				28E43411208D35A700B2EBAC /* LoginModel.swift */,
			);
			path = Model;
			sourceTree = "<group>";
		};
		28E4340A208D23A500B2EBAC /* Assets */ = {
			isa = PBXGroup;
			children = (
				28E433E0208D235000B2EBAC /* Assets.xcassets */,
			);
			path = Assets;
			sourceTree = "<group>";
		};
		28E4340C208D278B00B2EBAC /* ViewModel */ = {
			isa = PBXGroup;
			children = (
				28E4340D208D34AD00B2EBAC /* LoginViewModel.swift */,
				2839888A208E955F0066BC85 /* RegisterViewModel.swift */,
				282AF0512091EBA500C9357E /* HomeViewModel.swift */,
				DF2656F020D9DFEC002874D3 /* ApointmentViewModel.swift */,
			);
			path = ViewModel;
			sourceTree = "<group>";
		};
		28E43413208D488800B2EBAC /* ViewControllers */ = {
			isa = PBXGroup;
			children = (
				DF7E59E720DF170200DC0BBC /* Appointment */,
				4000D91120B7056D0061BBC9 /* LoginViewController.swift */,
				4000D90D20B7056D0061BBC9 /* RegisterViewController.swift */,
				4000D91720B7056E0061BBC9 /* CalendarViewController.swift */,
				4000D91920B7056E0061BBC9 /* AppointmentDetailsTableViewController.swift */,
				4000D91320B7056E0061BBC9 /* ChooseRoleViewController.swift */,
				4000D90F20B7056D0061BBC9 /* HomeViewController.swift */,
				4000D91220B7056D0061BBC9 /* ChoosePackageViewController.swift */,
				4000D91820B7056E0061BBC9 /* ChoosePackage2ViewController.swift */,
				4000D91520B7056E0061BBC9 /* PatientsProfileViewController.swift */,
				4000D90E20B7056D0061BBC9 /* PrescriptionTypeViewController.swift */,
				4000D91620B7056E0061BBC9 /* RescheduledAppointmentDetailsViewController.swift */,
				4000D90C20B7056D0061BBC9 /* PrescriptionFormAllViewController.swift */,
				4000D91020B7056D0061BBC9 /* PrescriptionFormMedViewController.swift */,
				4000D90B20B7056D0061BBC9 /* ProfileViewController.swift */,
			);
			path = ViewControllers;
			sourceTree = "<group>";
		};
		4000D90720B7039E0061BBC9 /* Views */ = {
			isa = PBXGroup;
			children = (
				40EEDA0620BE815F00D3126D /* Main.storyboard */,
				28E433E2208D235000B2EBAC /* LaunchScreen.storyboard */,
			);
			path = Views;
			sourceTree = "<group>";
		};
		DF7E599420DEADF300DC0BBC /* Products */ = {
			isa = PBXGroup;
			children = (
				DF7E599F20DEADF300DC0BBC /* Alamofire.framework */,
				DF7E59A120DEADF300DC0BBC /* Alamofire iOS Tests.xctest */,
				DF7E59A320DEADF300DC0BBC /* Alamofire.framework */,
				DF7E59A520DEADF300DC0BBC /* Alamofire macOS Tests.xctest */,
				DF7E59A720DEADF300DC0BBC /* Alamofire.framework */,
				DF7E59A920DEADF300DC0BBC /* Alamofire tvOS Tests.xctest */,
				DF7E59AB20DEADF300DC0BBC /* Alamofire.framework */,
			);
			name = Products;
			sourceTree = "<group>";
		};
		DF7E59AD20DEADFB00DC0BBC /* Products */ = {
			isa = PBXGroup;
			children = (
				DF7E59B820DEADFB00DC0BBC /* SwiftyJSON.framework */,
				DF7E59BA20DEADFB00DC0BBC /* SwiftyJSON iOS Tests.xctest */,
				DF7E59BC20DEADFB00DC0BBC /* SwiftyJSON.framework */,
				DF7E59BE20DEADFB00DC0BBC /* SwiftyJSON macOS Tests.xctest */,
				DF7E59C020DEADFB00DC0BBC /* SwiftyJSON.framework */,
				DF7E59C220DEADFB00DC0BBC /* SwiftyJSON.framework */,
				DF7E59C420DEADFB00DC0BBC /* SwiftyJSON tvOS Tests.xctest */,
			);
			name = Products;
			sourceTree = "<group>";
		};
		DF7E59C620DEAE0100DC0BBC /* Products */ = {
			isa = PBXGroup;
			children = (
				DF7E59CE20DEAE0100DC0BBC /* FollowLifeFramework.framework */,
				DF7E59D020DEAE0100DC0BBC /* FollowLifeWatchFramework.framework */,
				DF7E59D220DEAE0100DC0BBC /* FollowLifeTVFramework.framework */,
			);
			name = Products;
			sourceTree = "<group>";
		};
		DF7E59E720DF170200DC0BBC /* Appointment */ = {
			isa = PBXGroup;
			children = (
				4000D91420B7056E0061BBC9 /* CalendarTableViewController.swift */,
				DF7E59E820DF170E00DC0BBC /* Cell */,
				DF7E59EB20DF3AC600DC0BBC /* AddAppointmentViewController.swift */,
			);
			path = Appointment;
			sourceTree = "<group>";
		};
		DF7E59E820DF170E00DC0BBC /* Cell */ = {
			isa = PBXGroup;
			children = (
				DF7E59E920DF172C00DC0BBC /* AppointmentTableViewCell.swift */,
			);
			path = Cell;
			sourceTree = "<group>";
		};
/* End PBXGroup section */

/* Begin PBXNativeTarget section */
		28E433D2208D234F00B2EBAC /* FollowLife */ = {
			isa = PBXNativeTarget;
			buildConfigurationList = 28E433FE208D235000B2EBAC /* Build configuration list for PBXNativeTarget "FollowLife" */;
			buildPhases = (
				28E433CF208D234F00B2EBAC /* Sources */,
				28E433D0208D234F00B2EBAC /* Frameworks */,
				28E433D1208D234F00B2EBAC /* Resources */,
				DF7E599220DEAC9C00DC0BBC /* Embed Frameworks */,
			);
			buildRules = (
			);
			dependencies = (
				DF7E59D620DEAE3800DC0BBC /* PBXTargetDependency */,
				DF7E59E020DEAE6900DC0BBC /* PBXTargetDependency */,
				DF7E59E420DEAE6900DC0BBC /* PBXTargetDependency */,
			);
			name = FollowLife;
			productName = FollowLife;
			productReference = 28E433D3208D234F00B2EBAC /* FollowLife.app */;
			productType = "com.apple.product-type.application";
		};
		28E433E9208D235000B2EBAC /* FollowLifeTests */ = {
			isa = PBXNativeTarget;
			buildConfigurationList = 28E43401208D235000B2EBAC /* Build configuration list for PBXNativeTarget "FollowLifeTests" */;
			buildPhases = (
				28E433E6208D235000B2EBAC /* Sources */,
				28E433E7208D235000B2EBAC /* Frameworks */,
				28E433E8208D235000B2EBAC /* Resources */,
			);
			buildRules = (
			);
			dependencies = (
				28E433EC208D235000B2EBAC /* PBXTargetDependency */,
			);
			name = FollowLifeTests;
			productName = FollowLifeTests;
			productReference = 28E433EA208D235000B2EBAC /* FollowLifeTests.xctest */;
			productType = "com.apple.product-type.bundle.unit-test";
		};
		28E433F4208D235000B2EBAC /* FollowLifeUITests */ = {
			isa = PBXNativeTarget;
			buildConfigurationList = 28E43404208D235000B2EBAC /* Build configuration list for PBXNativeTarget "FollowLifeUITests" */;
			buildPhases = (
				28E433F1208D235000B2EBAC /* Sources */,
				28E433F2208D235000B2EBAC /* Frameworks */,
				28E433F3208D235000B2EBAC /* Resources */,
			);
			buildRules = (
			);
			dependencies = (
				28E433F7208D235000B2EBAC /* PBXTargetDependency */,
			);
			name = FollowLifeUITests;
			productName = FollowLifeUITests;
			productReference = 28E433F5208D235000B2EBAC /* FollowLifeUITests.xctest */;
			productType = "com.apple.product-type.bundle.ui-testing";
		};
/* End PBXNativeTarget section */

/* Begin PBXProject section */
		28E433CB208D234F00B2EBAC /* Project object */ = {
			isa = PBXProject;
			attributes = {
				LastSwiftUpdateCheck = 0930;
				LastUpgradeCheck = 0930;
				ORGANIZATIONNAME = "Hillari Zorrilla Delgado";
				TargetAttributes = {
					28E433D2208D234F00B2EBAC = {
						CreatedOnToolsVersion = 9.3;
					};
					28E433E9208D235000B2EBAC = {
						CreatedOnToolsVersion = 9.3;
						TestTargetID = 28E433D2208D234F00B2EBAC;
					};
					28E433F4208D235000B2EBAC = {
						CreatedOnToolsVersion = 9.3;
						TestTargetID = 28E433D2208D234F00B2EBAC;
					};
				};
			};
			buildConfigurationList = 28E433CE208D234F00B2EBAC /* Build configuration list for PBXProject "FollowLife" */;
			compatibilityVersion = "Xcode 9.3";
			developmentRegion = en;
			hasScannedForEncodings = 0;
			knownRegions = (
				en,
				Base,
			);
			mainGroup = 28E433CA208D234F00B2EBAC;
			productRefGroup = 28E433D4208D234F00B2EBAC /* Products */;
			projectDirPath = "";
			projectReferences = (
				{
					ProductGroup = DF7E599420DEADF300DC0BBC /* Products */;
					ProjectRef = DF7E599320DEADF300DC0BBC /* Alamofire.xcodeproj */;
				},
				{
					ProductGroup = DF7E59C620DEAE0100DC0BBC /* Products */;
					ProjectRef = DF7E59C520DEAE0100DC0BBC /* FollowLifeFramework.xcodeproj */;
				},
				{
					ProductGroup = DF7E59AD20DEADFB00DC0BBC /* Products */;
					ProjectRef = DF7E59AC20DEADFB00DC0BBC /* SwiftyJSON.xcodeproj */;
				},
			);
			projectRoot = "";
			targets = (
				28E433D2208D234F00B2EBAC /* FollowLife */,
				28E433E9208D235000B2EBAC /* FollowLifeTests */,
				28E433F4208D235000B2EBAC /* FollowLifeUITests */,
			);
		};
/* End PBXProject section */

/* Begin PBXReferenceProxy section */
		DF7E599F20DEADF300DC0BBC /* Alamofire.framework */ = {
			isa = PBXReferenceProxy;
			fileType = wrapper.framework;
			path = Alamofire.framework;
			remoteRef = DF7E599E20DEADF300DC0BBC /* PBXContainerItemProxy */;
			sourceTree = BUILT_PRODUCTS_DIR;
		};
		DF7E59A120DEADF300DC0BBC /* Alamofire iOS Tests.xctest */ = {
			isa = PBXReferenceProxy;
			fileType = wrapper.cfbundle;
			path = "Alamofire iOS Tests.xctest";
			remoteRef = DF7E59A020DEADF300DC0BBC /* PBXContainerItemProxy */;
			sourceTree = BUILT_PRODUCTS_DIR;
		};
		DF7E59A320DEADF300DC0BBC /* Alamofire.framework */ = {
			isa = PBXReferenceProxy;
			fileType = wrapper.framework;
			path = Alamofire.framework;
			remoteRef = DF7E59A220DEADF300DC0BBC /* PBXContainerItemProxy */;
			sourceTree = BUILT_PRODUCTS_DIR;
		};
		DF7E59A520DEADF300DC0BBC /* Alamofire macOS Tests.xctest */ = {
			isa = PBXReferenceProxy;
			fileType = wrapper.cfbundle;
			path = "Alamofire macOS Tests.xctest";
			remoteRef = DF7E59A420DEADF300DC0BBC /* PBXContainerItemProxy */;
			sourceTree = BUILT_PRODUCTS_DIR;
		};
		DF7E59A720DEADF300DC0BBC /* Alamofire.framework */ = {
			isa = PBXReferenceProxy;
			fileType = wrapper.framework;
			path = Alamofire.framework;
			remoteRef = DF7E59A620DEADF300DC0BBC /* PBXContainerItemProxy */;
			sourceTree = BUILT_PRODUCTS_DIR;
		};
		DF7E59A920DEADF300DC0BBC /* Alamofire tvOS Tests.xctest */ = {
			isa = PBXReferenceProxy;
			fileType = wrapper.cfbundle;
			path = "Alamofire tvOS Tests.xctest";
			remoteRef = DF7E59A820DEADF300DC0BBC /* PBXContainerItemProxy */;
			sourceTree = BUILT_PRODUCTS_DIR;
		};
		DF7E59AB20DEADF300DC0BBC /* Alamofire.framework */ = {
			isa = PBXReferenceProxy;
			fileType = wrapper.framework;
			path = Alamofire.framework;
			remoteRef = DF7E59AA20DEADF300DC0BBC /* PBXContainerItemProxy */;
			sourceTree = BUILT_PRODUCTS_DIR;
		};
		DF7E59B820DEADFB00DC0BBC /* SwiftyJSON.framework */ = {
			isa = PBXReferenceProxy;
			fileType = wrapper.framework;
			path = SwiftyJSON.framework;
			remoteRef = DF7E59B720DEADFB00DC0BBC /* PBXContainerItemProxy */;
			sourceTree = BUILT_PRODUCTS_DIR;
		};
		DF7E59BA20DEADFB00DC0BBC /* SwiftyJSON iOS Tests.xctest */ = {
			isa = PBXReferenceProxy;
			fileType = wrapper.cfbundle;
			path = "SwiftyJSON iOS Tests.xctest";
			remoteRef = DF7E59B920DEADFB00DC0BBC /* PBXContainerItemProxy */;
			sourceTree = BUILT_PRODUCTS_DIR;
		};
		DF7E59BC20DEADFB00DC0BBC /* SwiftyJSON.framework */ = {
			isa = PBXReferenceProxy;
			fileType = wrapper.framework;
			path = SwiftyJSON.framework;
			remoteRef = DF7E59BB20DEADFB00DC0BBC /* PBXContainerItemProxy */;
			sourceTree = BUILT_PRODUCTS_DIR;
		};
		DF7E59BE20DEADFB00DC0BBC /* SwiftyJSON macOS Tests.xctest */ = {
			isa = PBXReferenceProxy;
			fileType = wrapper.cfbundle;
			path = "SwiftyJSON macOS Tests.xctest";
			remoteRef = DF7E59BD20DEADFB00DC0BBC /* PBXContainerItemProxy */;
			sourceTree = BUILT_PRODUCTS_DIR;
		};
		DF7E59C020DEADFB00DC0BBC /* SwiftyJSON.framework */ = {
			isa = PBXReferenceProxy;
			fileType = wrapper.framework;
			path = SwiftyJSON.framework;
			remoteRef = DF7E59BF20DEADFB00DC0BBC /* PBXContainerItemProxy */;
			sourceTree = BUILT_PRODUCTS_DIR;
		};
		DF7E59C220DEADFB00DC0BBC /* SwiftyJSON.framework */ = {
			isa = PBXReferenceProxy;
			fileType = wrapper.framework;
			path = SwiftyJSON.framework;
			remoteRef = DF7E59C120DEADFB00DC0BBC /* PBXContainerItemProxy */;
			sourceTree = BUILT_PRODUCTS_DIR;
		};
		DF7E59C420DEADFB00DC0BBC /* SwiftyJSON tvOS Tests.xctest */ = {
			isa = PBXReferenceProxy;
			fileType = wrapper.cfbundle;
			path = "SwiftyJSON tvOS Tests.xctest";
			remoteRef = DF7E59C320DEADFB00DC0BBC /* PBXContainerItemProxy */;
			sourceTree = BUILT_PRODUCTS_DIR;
		};
		DF7E59CE20DEAE0100DC0BBC /* FollowLifeFramework.framework */ = {
			isa = PBXReferenceProxy;
			fileType = wrapper.framework;
			path = FollowLifeFramework.framework;
			remoteRef = DF7E59CD20DEAE0100DC0BBC /* PBXContainerItemProxy */;
			sourceTree = BUILT_PRODUCTS_DIR;
		};
		DF7E59D020DEAE0100DC0BBC /* FollowLifeWatchFramework.framework */ = {
			isa = PBXReferenceProxy;
			fileType = wrapper.framework;
			path = FollowLifeWatchFramework.framework;
			remoteRef = DF7E59CF20DEAE0100DC0BBC /* PBXContainerItemProxy */;
			sourceTree = BUILT_PRODUCTS_DIR;
		};
		DF7E59D220DEAE0100DC0BBC /* FollowLifeTVFramework.framework */ = {
			isa = PBXReferenceProxy;
			fileType = wrapper.framework;
			path = FollowLifeTVFramework.framework;
			remoteRef = DF7E59D120DEAE0100DC0BBC /* PBXContainerItemProxy */;
			sourceTree = BUILT_PRODUCTS_DIR;
		};
/* End PBXReferenceProxy section */

/* Begin PBXResourcesBuildPhase section */
		28E433D1208D234F00B2EBAC /* Resources */ = {
			isa = PBXResourcesBuildPhase;
			buildActionMask = 2147483647;
			files = (
				40EEDA0820BE815F00D3126D /* Main.storyboard in Resources */,
				28E433E4208D235000B2EBAC /* LaunchScreen.storyboard in Resources */,
				28E433E1208D235000B2EBAC /* Assets.xcassets in Resources */,
			);
			runOnlyForDeploymentPostprocessing = 0;
		};
		28E433E8208D235000B2EBAC /* Resources */ = {
			isa = PBXResourcesBuildPhase;
			buildActionMask = 2147483647;
			files = (
			);
			runOnlyForDeploymentPostprocessing = 0;
		};
		28E433F3208D235000B2EBAC /* Resources */ = {
			isa = PBXResourcesBuildPhase;
			buildActionMask = 2147483647;
			files = (
			);
			runOnlyForDeploymentPostprocessing = 0;
		};
/* End PBXResourcesBuildPhase section */

/* Begin PBXSourcesBuildPhase section */
		28E433CF208D234F00B2EBAC /* Sources */ = {
			isa = PBXSourcesBuildPhase;
			buildActionMask = 2147483647;
			files = (
				DF2656F120D9DFEC002874D3 /* ApointmentViewModel.swift in Sources */,
				4000D91C20B7056E0061BBC9 /* RegisterViewController.swift in Sources */,
				4000D91B20B7056E0061BBC9 /* PrescriptionFormAllViewController.swift in Sources */,
				4000D92520B7056E0061BBC9 /* RescheduledAppointmentDetailsViewController.swift in Sources */,
				28E433D7208D234F00B2EBAC /* AppDelegate.swift in Sources */,
				4000D92220B7056E0061BBC9 /* ChooseRoleViewController.swift in Sources */,
				28E43412208D35A700B2EBAC /* LoginModel.swift in Sources */,
				DF7E59EA20DF172C00DC0BBC /* AppointmentTableViewCell.swift in Sources */,
				4000D92420B7056E0061BBC9 /* PatientsProfileViewController.swift in Sources */,
				4000D92120B7056E0061BBC9 /* ChoosePackageViewController.swift in Sources */,
				2839888B208E955F0066BC85 /* RegisterViewModel.swift in Sources */,
				4000D92320B7056E0061BBC9 /* CalendarTableViewController.swift in Sources */,
				DF7E59EC20DF3AC600DC0BBC /* AddAppointmentViewController.swift in Sources */,
				4000D92620B7056E0061BBC9 /* CalendarViewController.swift in Sources */,
				4000D92720B7056E0061BBC9 /* ChoosePackage2ViewController.swift in Sources */,
				4000D91F20B7056E0061BBC9 /* PrescriptionFormMedViewController.swift in Sources */,
				28E433DF208D234F00B2EBAC /* FollowLife.xcdatamodeld in Sources */,
				4000D91A20B7056E0061BBC9 /* ProfileViewController.swift in Sources */,
				4000D91E20B7056E0061BBC9 /* HomeViewController.swift in Sources */,
				282AF0522091EBA500C9357E /* HomeViewModel.swift in Sources */,
				4000D92820B7056E0061BBC9 /* AppointmentDetailsTableViewController.swift in Sources */,
				4000D91D20B7056E0061BBC9 /* PrescriptionTypeViewController.swift in Sources */,
				4000D92020B7056E0061BBC9 /* LoginViewController.swift in Sources */,
				28E4340E208D34AD00B2EBAC /* LoginViewModel.swift in Sources */,
			);
			runOnlyForDeploymentPostprocessing = 0;
		};
		28E433E6208D235000B2EBAC /* Sources */ = {
			isa = PBXSourcesBuildPhase;
			buildActionMask = 2147483647;
			files = (
				28E433EF208D235000B2EBAC /* FollowLifeTests.swift in Sources */,
			);
			runOnlyForDeploymentPostprocessing = 0;
		};
		28E433F1208D235000B2EBAC /* Sources */ = {
			isa = PBXSourcesBuildPhase;
			buildActionMask = 2147483647;
			files = (
				28E433FA208D235000B2EBAC /* FollowLifeUITests.swift in Sources */,
			);
			runOnlyForDeploymentPostprocessing = 0;
		};
/* End PBXSourcesBuildPhase section */

/* Begin PBXTargetDependency section */
		28E433EC208D235000B2EBAC /* PBXTargetDependency */ = {
			isa = PBXTargetDependency;
			target = 28E433D2208D234F00B2EBAC /* FollowLife */;
			targetProxy = 28E433EB208D235000B2EBAC /* PBXContainerItemProxy */;
		};
		28E433F7208D235000B2EBAC /* PBXTargetDependency */ = {
			isa = PBXTargetDependency;
			target = 28E433D2208D234F00B2EBAC /* FollowLife */;
			targetProxy = 28E433F6208D235000B2EBAC /* PBXContainerItemProxy */;
		};
		DF7E59D620DEAE3800DC0BBC /* PBXTargetDependency */ = {
			isa = PBXTargetDependency;
			name = FollowLifeFramework;
			targetProxy = DF7E59D520DEAE3800DC0BBC /* PBXContainerItemProxy */;
		};
		DF7E59E020DEAE6900DC0BBC /* PBXTargetDependency */ = {
			isa = PBXTargetDependency;
			name = "SwiftyJSON iOS";
			targetProxy = DF7E59DF20DEAE6900DC0BBC /* PBXContainerItemProxy */;
		};
		DF7E59E420DEAE6900DC0BBC /* PBXTargetDependency */ = {
			isa = PBXTargetDependency;
			name = "Alamofire iOS";
			targetProxy = DF7E59E320DEAE6900DC0BBC /* PBXContainerItemProxy */;
		};
/* End PBXTargetDependency section */

/* Begin PBXVariantGroup section */
		28E433E2208D235000B2EBAC /* LaunchScreen.storyboard */ = {
			isa = PBXVariantGroup;
			children = (
				28E433E3208D235000B2EBAC /* Base */,
			);
			name = LaunchScreen.storyboard;
			sourceTree = "<group>";
		};
		40EEDA0620BE815F00D3126D /* Main.storyboard */ = {
			isa = PBXVariantGroup;
			children = (
				40EEDA0720BE815F00D3126D /* Base */,
			);
			name = Main.storyboard;
			sourceTree = "<group>";
		};
/* End PBXVariantGroup section */

/* Begin XCBuildConfiguration section */
		28E433FC208D235000B2EBAC /* Debug */ = {
			isa = XCBuildConfiguration;
			buildSettings = {
				ALWAYS_SEARCH_USER_PATHS = NO;
				CLANG_ANALYZER_NONNULL = YES;
				CLANG_ANALYZER_NUMBER_OBJECT_CONVERSION = YES_AGGRESSIVE;
				CLANG_CXX_LANGUAGE_STANDARD = "gnu++14";
				CLANG_CXX_LIBRARY = "libc++";
				CLANG_ENABLE_MODULES = YES;
				CLANG_ENABLE_OBJC_ARC = YES;
				CLANG_ENABLE_OBJC_WEAK = YES;
				CLANG_WARN_BLOCK_CAPTURE_AUTORELEASING = YES;
				CLANG_WARN_BOOL_CONVERSION = YES;
				CLANG_WARN_COMMA = YES;
				CLANG_WARN_CONSTANT_CONVERSION = YES;
				CLANG_WARN_DEPRECATED_OBJC_IMPLEMENTATIONS = YES;
				CLANG_WARN_DIRECT_OBJC_ISA_USAGE = YES_ERROR;
				CLANG_WARN_DOCUMENTATION_COMMENTS = YES;
				CLANG_WARN_EMPTY_BODY = YES;
				CLANG_WARN_ENUM_CONVERSION = YES;
				CLANG_WARN_INFINITE_RECURSION = YES;
				CLANG_WARN_INT_CONVERSION = YES;
				CLANG_WARN_NON_LITERAL_NULL_CONVERSION = YES;
				CLANG_WARN_OBJC_IMPLICIT_RETAIN_SELF = YES;
				CLANG_WARN_OBJC_LITERAL_CONVERSION = YES;
				CLANG_WARN_OBJC_ROOT_CLASS = YES_ERROR;
				CLANG_WARN_RANGE_LOOP_ANALYSIS = YES;
				CLANG_WARN_STRICT_PROTOTYPES = YES;
				CLANG_WARN_SUSPICIOUS_MOVE = YES;
				CLANG_WARN_UNGUARDED_AVAILABILITY = YES_AGGRESSIVE;
				CLANG_WARN_UNREACHABLE_CODE = YES;
				CLANG_WARN__DUPLICATE_METHOD_MATCH = YES;
				CODE_SIGN_IDENTITY = "iPhone Developer";
				COPY_PHASE_STRIP = NO;
				DEBUG_INFORMATION_FORMAT = dwarf;
				ENABLE_STRICT_OBJC_MSGSEND = YES;
				ENABLE_TESTABILITY = YES;
				GCC_C_LANGUAGE_STANDARD = gnu11;
				GCC_DYNAMIC_NO_PIC = NO;
				GCC_NO_COMMON_BLOCKS = YES;
				GCC_OPTIMIZATION_LEVEL = 0;
				GCC_PREPROCESSOR_DEFINITIONS = (
					"DEBUG=1",
					"$(inherited)",
				);
				GCC_WARN_64_TO_32_BIT_CONVERSION = YES;
				GCC_WARN_ABOUT_RETURN_TYPE = YES_ERROR;
				GCC_WARN_UNDECLARED_SELECTOR = YES;
				GCC_WARN_UNINITIALIZED_AUTOS = YES_AGGRESSIVE;
				GCC_WARN_UNUSED_FUNCTION = YES;
				GCC_WARN_UNUSED_VARIABLE = YES;
				IPHONEOS_DEPLOYMENT_TARGET = 11.3;
				MTL_ENABLE_DEBUG_INFO = YES;
				ONLY_ACTIVE_ARCH = YES;
				SDKROOT = iphoneos;
				SWIFT_ACTIVE_COMPILATION_CONDITIONS = DEBUG;
				SWIFT_OPTIMIZATION_LEVEL = "-Onone";
			};
			name = Debug;
		};
		28E433FD208D235000B2EBAC /* Release */ = {
			isa = XCBuildConfiguration;
			buildSettings = {
				ALWAYS_SEARCH_USER_PATHS = NO;
				CLANG_ANALYZER_NONNULL = YES;
				CLANG_ANALYZER_NUMBER_OBJECT_CONVERSION = YES_AGGRESSIVE;
				CLANG_CXX_LANGUAGE_STANDARD = "gnu++14";
				CLANG_CXX_LIBRARY = "libc++";
				CLANG_ENABLE_MODULES = YES;
				CLANG_ENABLE_OBJC_ARC = YES;
				CLANG_ENABLE_OBJC_WEAK = YES;
				CLANG_WARN_BLOCK_CAPTURE_AUTORELEASING = YES;
				CLANG_WARN_BOOL_CONVERSION = YES;
				CLANG_WARN_COMMA = YES;
				CLANG_WARN_CONSTANT_CONVERSION = YES;
				CLANG_WARN_DEPRECATED_OBJC_IMPLEMENTATIONS = YES;
				CLANG_WARN_DIRECT_OBJC_ISA_USAGE = YES_ERROR;
				CLANG_WARN_DOCUMENTATION_COMMENTS = YES;
				CLANG_WARN_EMPTY_BODY = YES;
				CLANG_WARN_ENUM_CONVERSION = YES;
				CLANG_WARN_INFINITE_RECURSION = YES;
				CLANG_WARN_INT_CONVERSION = YES;
				CLANG_WARN_NON_LITERAL_NULL_CONVERSION = YES;
				CLANG_WARN_OBJC_IMPLICIT_RETAIN_SELF = YES;
				CLANG_WARN_OBJC_LITERAL_CONVERSION = YES;
				CLANG_WARN_OBJC_ROOT_CLASS = YES_ERROR;
				CLANG_WARN_RANGE_LOOP_ANALYSIS = YES;
				CLANG_WARN_STRICT_PROTOTYPES = YES;
				CLANG_WARN_SUSPICIOUS_MOVE = YES;
				CLANG_WARN_UNGUARDED_AVAILABILITY = YES_AGGRESSIVE;
				CLANG_WARN_UNREACHABLE_CODE = YES;
				CLANG_WARN__DUPLICATE_METHOD_MATCH = YES;
				CODE_SIGN_IDENTITY = "iPhone Developer";
				COPY_PHASE_STRIP = NO;
				DEBUG_INFORMATION_FORMAT = "dwarf-with-dsym";
				ENABLE_NS_ASSERTIONS = NO;
				ENABLE_STRICT_OBJC_MSGSEND = YES;
				GCC_C_LANGUAGE_STANDARD = gnu11;
				GCC_NO_COMMON_BLOCKS = YES;
				GCC_WARN_64_TO_32_BIT_CONVERSION = YES;
				GCC_WARN_ABOUT_RETURN_TYPE = YES_ERROR;
				GCC_WARN_UNDECLARED_SELECTOR = YES;
				GCC_WARN_UNINITIALIZED_AUTOS = YES_AGGRESSIVE;
				GCC_WARN_UNUSED_FUNCTION = YES;
				GCC_WARN_UNUSED_VARIABLE = YES;
				IPHONEOS_DEPLOYMENT_TARGET = 11.3;
				MTL_ENABLE_DEBUG_INFO = NO;
				SDKROOT = iphoneos;
				SWIFT_COMPILATION_MODE = wholemodule;
				SWIFT_OPTIMIZATION_LEVEL = "-O";
				VALIDATE_PRODUCT = YES;
			};
			name = Release;
		};
		28E433FF208D235000B2EBAC /* Debug */ = {
			isa = XCBuildConfiguration;
			buildSettings = {
				ALWAYS_EMBED_SWIFT_STANDARD_LIBRARIES = YES;
				ASSETCATALOG_COMPILER_APPICON_NAME = AppIcon;
				CODE_SIGN_STYLE = Automatic;
				DEVELOPMENT_TEAM = 9SZ454KHQW;
				INFOPLIST_FILE = FollowLife/Info.plist;
				LD_RUNPATH_SEARCH_PATHS = (
					"$(inherited)",
					"@executable_path/Frameworks",
				);
				PRODUCT_BUNDLE_IDENTIFIER = pe.edu.upc.FollowLife;
				PRODUCT_NAME = "$(TARGET_NAME)";
				SWIFT_VERSION = 4.0;
				TARGETED_DEVICE_FAMILY = "1,2";
			};
			name = Debug;
		};
		28E43400208D235000B2EBAC /* Release */ = {
			isa = XCBuildConfiguration;
			buildSettings = {
				ALWAYS_EMBED_SWIFT_STANDARD_LIBRARIES = YES;
				ASSETCATALOG_COMPILER_APPICON_NAME = AppIcon;
				CODE_SIGN_STYLE = Automatic;
				DEVELOPMENT_TEAM = 9SZ454KHQW;
				INFOPLIST_FILE = FollowLife/Info.plist;
				LD_RUNPATH_SEARCH_PATHS = (
					"$(inherited)",
					"@executable_path/Frameworks",
				);
				PRODUCT_BUNDLE_IDENTIFIER = pe.edu.upc.FollowLife;
				PRODUCT_NAME = "$(TARGET_NAME)";
				SWIFT_VERSION = 4.0;
				TARGETED_DEVICE_FAMILY = "1,2";
			};
			name = Release;
		};
		28E43402208D235000B2EBAC /* Debug */ = {
			isa = XCBuildConfiguration;
			buildSettings = {
				ALWAYS_EMBED_SWIFT_STANDARD_LIBRARIES = YES;
				BUNDLE_LOADER = "$(TEST_HOST)";
				CODE_SIGN_STYLE = Automatic;
				INFOPLIST_FILE = FollowLifeTests/Info.plist;
				LD_RUNPATH_SEARCH_PATHS = (
					"$(inherited)",
					"@executable_path/Frameworks",
					"@loader_path/Frameworks",
				);
				PRODUCT_BUNDLE_IDENTIFIER = pe.edu.upc.FollowLifeTests;
				PRODUCT_NAME = "$(TARGET_NAME)";
				SWIFT_VERSION = 4.0;
				TARGETED_DEVICE_FAMILY = "1,2";
				TEST_HOST = "$(BUILT_PRODUCTS_DIR)/FollowLife.app/FollowLife";
			};
			name = Debug;
		};
		28E43403208D235000B2EBAC /* Release */ = {
			isa = XCBuildConfiguration;
			buildSettings = {
				ALWAYS_EMBED_SWIFT_STANDARD_LIBRARIES = YES;
				BUNDLE_LOADER = "$(TEST_HOST)";
				CODE_SIGN_STYLE = Automatic;
				INFOPLIST_FILE = FollowLifeTests/Info.plist;
				LD_RUNPATH_SEARCH_PATHS = (
					"$(inherited)",
					"@executable_path/Frameworks",
					"@loader_path/Frameworks",
				);
				PRODUCT_BUNDLE_IDENTIFIER = pe.edu.upc.FollowLifeTests;
				PRODUCT_NAME = "$(TARGET_NAME)";
				SWIFT_VERSION = 4.0;
				TARGETED_DEVICE_FAMILY = "1,2";
				TEST_HOST = "$(BUILT_PRODUCTS_DIR)/FollowLife.app/FollowLife";
			};
			name = Release;
		};
		28E43405208D235000B2EBAC /* Debug */ = {
			isa = XCBuildConfiguration;
			buildSettings = {
				ALWAYS_EMBED_SWIFT_STANDARD_LIBRARIES = YES;
				CODE_SIGN_STYLE = Automatic;
				INFOPLIST_FILE = FollowLifeUITests/Info.plist;
				LD_RUNPATH_SEARCH_PATHS = (
					"$(inherited)",
					"@executable_path/Frameworks",
					"@loader_path/Frameworks",
				);
				PRODUCT_BUNDLE_IDENTIFIER = pe.edu.upc.FollowLifeUITests;
				PRODUCT_NAME = "$(TARGET_NAME)";
				SWIFT_VERSION = 4.0;
				TARGETED_DEVICE_FAMILY = "1,2";
				TEST_TARGET_NAME = FollowLife;
			};
			name = Debug;
		};
		28E43406208D235000B2EBAC /* Release */ = {
			isa = XCBuildConfiguration;
			buildSettings = {
				ALWAYS_EMBED_SWIFT_STANDARD_LIBRARIES = YES;
				CODE_SIGN_STYLE = Automatic;
				INFOPLIST_FILE = FollowLifeUITests/Info.plist;
				LD_RUNPATH_SEARCH_PATHS = (
					"$(inherited)",
					"@executable_path/Frameworks",
					"@loader_path/Frameworks",
				);
				PRODUCT_BUNDLE_IDENTIFIER = pe.edu.upc.FollowLifeUITests;
				PRODUCT_NAME = "$(TARGET_NAME)";
				SWIFT_VERSION = 4.0;
				TARGETED_DEVICE_FAMILY = "1,2";
				TEST_TARGET_NAME = FollowLife;
			};
			name = Release;
		};
/* End XCBuildConfiguration section */

/* Begin XCConfigurationList section */
		28E433CE208D234F00B2EBAC /* Build configuration list for PBXProject "FollowLife" */ = {
			isa = XCConfigurationList;
			buildConfigurations = (
				28E433FC208D235000B2EBAC /* Debug */,
				28E433FD208D235000B2EBAC /* Release */,
			);
			defaultConfigurationIsVisible = 0;
			defaultConfigurationName = Release;
		};
		28E433FE208D235000B2EBAC /* Build configuration list for PBXNativeTarget "FollowLife" */ = {
			isa = XCConfigurationList;
			buildConfigurations = (
				28E433FF208D235000B2EBAC /* Debug */,
				28E43400208D235000B2EBAC /* Release */,
			);
			defaultConfigurationIsVisible = 0;
			defaultConfigurationName = Release;
		};
		28E43401208D235000B2EBAC /* Build configuration list for PBXNativeTarget "FollowLifeTests" */ = {
			isa = XCConfigurationList;
			buildConfigurations = (
				28E43402208D235000B2EBAC /* Debug */,
				28E43403208D235000B2EBAC /* Release */,
			);
			defaultConfigurationIsVisible = 0;
			defaultConfigurationName = Release;
		};
		28E43404208D235000B2EBAC /* Build configuration list for PBXNativeTarget "FollowLifeUITests" */ = {
			isa = XCConfigurationList;
			buildConfigurations = (
				28E43405208D235000B2EBAC /* Debug */,
				28E43406208D235000B2EBAC /* Release */,
			);
			defaultConfigurationIsVisible = 0;
			defaultConfigurationName = Release;
		};
/* End XCConfigurationList section */

/* Begin XCVersionGroup section */
		28E433DD208D234F00B2EBAC /* FollowLife.xcdatamodeld */ = {
			isa = XCVersionGroup;
			children = (
				28E433DE208D234F00B2EBAC /* FollowLife.xcdatamodel */,
			);
			currentVersion = 28E433DE208D234F00B2EBAC /* FollowLife.xcdatamodel */;
			path = FollowLife.xcdatamodeld;
			sourceTree = "<group>";
			versionGroupType = wrapper.xcdatamodel;
		};
/* End XCVersionGroup section */
	};
	rootObject = 28E433CB208D234F00B2EBAC /* Project object */;
}
